// !$*UTF8*$!
{
	archiveVersion = 1;
	classes = {
	};
	objectVersion = 54;
	objects = {

/* Begin PBXBuildFile section */
		0EA4BC6CFF5F4F549832A690 /* r2v_dark-Icon-60x60@3x.png in Resources */ = {isa = PBXBuildFile; fileRef = 36701FBD6870486895E9C843 /* r2v_dark-Icon-60x60@3x.png */; };
		13B07FBF1A68108700A75B9A /* Images.xcassets in Resources */ = {isa = PBXBuildFile; fileRef = 13B07FB51A68108700A75B9A /* Images.xcassets */; };
		13D9482FB78D45EB91EC7965 /* gin_blue_dark-Icon-60x60@2x.png in Resources */ = {isa = PBXBuildFile; fileRef = 5A5BACD78CBF403F91B3A434 /* gin_blue_dark-Icon-60x60@2x.png */; };
		16F8DB7E07554C47A436B109 /* gin_green_dark-Icon-60x60@2x.png in Resources */ = {isa = PBXBuildFile; fileRef = B905E0D5D38D4DAD86A57472 /* gin_green_dark-Icon-60x60@2x.png */; };
		188C010DC2924F439E6D01BD /* gin_blue_light-Icon-60x60@3x.png in Resources */ = {isa = PBXBuildFile; fileRef = 62D850615EF54C20ADF48034 /* gin_blue_light-Icon-60x60@3x.png */; };
		344BE0C0694440EEBB2324C9 /* gin_teal_dark-Icon-60x60@3x.png in Resources */ = {isa = PBXBuildFile; fileRef = 58D35448BE154B4FA3DAEB3F /* gin_teal_dark-Icon-60x60@3x.png */; };
		3E461D99554A48A4959DE609 /* SplashScreen.storyboard in Resources */ = {isa = PBXBuildFile; fileRef = AA286B85B6C04FC6940260E9 /* SplashScreen.storyboard */; };
		42A76B9F95C242DAAAC9FB88 /* gin_yellow_light-Icon-60x60@2x.png in Resources */ = {isa = PBXBuildFile; fileRef = 4334843F596549E1A2501168 /* gin_yellow_light-Icon-60x60@2x.png */; };
		4509E7F403D643B490164270 /* gin_red_light-Icon-60x60@3x.png in Resources */ = {isa = PBXBuildFile; fileRef = D104928F4104463BAC498573 /* gin_red_light-Icon-60x60@3x.png */; };
		480FBEC533DF4CDC9A2B9FCE /* gin_orange_dark-Icon-60x60@2x.png in Resources */ = {isa = PBXBuildFile; fileRef = A121CC456B61408989183C0D /* gin_orange_dark-Icon-60x60@2x.png */; };
		4A01E4593A9743DE98848212 /* gin_blue_dark-Icon-60x60@3x.png in Resources */ = {isa = PBXBuildFile; fileRef = 0F72FCDB4CBD4D199C04A461 /* gin_blue_dark-Icon-60x60@3x.png */; };
		4C676C79E8DE4970A3185F1C /* gin_teal_light-Icon-60x60@2x.png in Resources */ = {isa = PBXBuildFile; fileRef = 623E45A7A89E4AED813A9ACF /* gin_teal_light-Icon-60x60@2x.png */; };
		5E7177C1806F4A6D88DA3A80 /* gin_purple_dark-Icon-60x60@2x.png in Resources */ = {isa = PBXBuildFile; fileRef = 7E890633C4E64719AC5B528A /* gin_purple_dark-Icon-60x60@2x.png */; };
		6D02FA27F51D4E728290C539 /* gin_red_dark-Icon-60x60@2x.png in Resources */ = {isa = PBXBuildFile; fileRef = 1CFC0202B415488490931874 /* gin_red_dark-Icon-60x60@2x.png */; };
		6D74E1ADED274445B618BECF /* gin_pink_dark-Icon-60x60@3x.png in Resources */ = {isa = PBXBuildFile; fileRef = 08DDD64218564DBAA61258A5 /* gin_pink_dark-Icon-60x60@3x.png */; };
		7320BD99A03C4B7FB581A445 /* gin_pink_light-Icon-60x60@2x.png in Resources */ = {isa = PBXBuildFile; fileRef = B0BF6BA140954E86A629633B /* gin_pink_light-Icon-60x60@2x.png */; };
		7747FB5279CE41349A00EA1D /* gin_yellow_dark-Icon-60x60@3x.png in Resources */ = {isa = PBXBuildFile; fileRef = 3A7EB9EAA3BC492785078434 /* gin_yellow_dark-Icon-60x60@3x.png */; };
		774FD78C8C324FE494E895F1 /* gin_yellow_dark-Icon-60x60@2x.png in Resources */ = {isa = PBXBuildFile; fileRef = 6EF42CDF97254A2A97329948 /* gin_yellow_dark-Icon-60x60@2x.png */; };
		789CB04E4C394392BEEE1258 /* gin_teal_dark-Icon-60x60@2x.png in Resources */ = {isa = PBXBuildFile; fileRef = 8EE00A3661A84101B3A0C226 /* gin_teal_dark-Icon-60x60@2x.png */; };
		847E17A1E11B4BBFA6F82A36 /* r2v_light-Icon-60x60@3x.png in Resources */ = {isa = PBXBuildFile; fileRef = 9A2F1069272C494CB68608AC /* r2v_light-Icon-60x60@3x.png */; };
		8AE660446B1A48F092E7951F /* gin_dark_purple_light-Icon-60x60@3x.png in Resources */ = {isa = PBXBuildFile; fileRef = B15E97E8A8FE43E7A2B49181 /* gin_dark_purple_light-Icon-60x60@3x.png */; };
		9015863C8802CCED1E1BE484 /* libPods-R2V.a in Frameworks */ = {isa = PBXBuildFile; fileRef = 40B349698821437693F67138 /* libPods-R2V.a */; };
		910BDE6195234DE8A236D30B /* gin_purple_light-Icon-60x60@3x.png in Resources */ = {isa = PBXBuildFile; fileRef = 951CC7CD93FE4AFF9F839FA7 /* gin_purple_light-Icon-60x60@3x.png */; };
		92D50F8A96EF90F54CD219E4 /* ExpoModulesProvider.swift in Sources */ = {isa = PBXBuildFile; fileRef = CE5A318AE9026FD6EB0FACC3 /* ExpoModulesProvider.swift */; };
		988DE8EAA8094F9B9DB45000 /* gin_orange_light-Icon-60x60@2x.png in Resources */ = {isa = PBXBuildFile; fileRef = DE8506ED9E9B447FA64DFBE3 /* gin_orange_light-Icon-60x60@2x.png */; };
		99F7186FD3204156B50BC729 /* gin_yellow_light-Icon-60x60@3x.png in Resources */ = {isa = PBXBuildFile; fileRef = 47EC93564EFC460AAD48F4FD /* gin_yellow_light-Icon-60x60@3x.png */; };
		9C26FD64DC974AD89642F97D /* gin_pink_dark-Icon-60x60@2x.png in Resources */ = {isa = PBXBuildFile; fileRef = 488A4ABF28854212ACB1BF9D /* gin_pink_dark-Icon-60x60@2x.png */; };
		A65BD9C728A948E18056F6F3 /* gin_teal_light-Icon-60x60@3x.png in Resources */ = {isa = PBXBuildFile; fileRef = 2395116C9DF54AE5BCA448DB /* gin_teal_light-Icon-60x60@3x.png */; };
		A82FB749AA7A4F0593F713A5 /* gin_purple_light-Icon-60x60@2x.png in Resources */ = {isa = PBXBuildFile; fileRef = 031F1C7B441945A6830A6C61 /* gin_purple_light-Icon-60x60@2x.png */; };
		AB2E86517C7646819DEC956C /* gin_orange_dark-Icon-60x60@3x.png in Resources */ = {isa = PBXBuildFile; fileRef = D5D67794C46B419887D4DB8B /* gin_orange_dark-Icon-60x60@3x.png */; };
		ADFDF5ABA14E486F9E6F1910 /* gin_red_dark-Icon-60x60@3x.png in Resources */ = {isa = PBXBuildFile; fileRef = 5E5394CB00394208AA833851 /* gin_red_dark-Icon-60x60@3x.png */; };
		B5AB91B9EAE84030A98E4BEF /* gin_dark_purple_dark-Icon-60x60@2x.png in Resources */ = {isa = PBXBuildFile; fileRef = D114F2E951E34F9F8AE0B76F /* gin_dark_purple_dark-Icon-60x60@2x.png */; };
		B73D42B3FAA545BDBED0F947 /* gin_green_light-Icon-60x60@3x.png in Resources */ = {isa = PBXBuildFile; fileRef = 6CD413277F5A4F509297B587 /* gin_green_light-Icon-60x60@3x.png */; };
		BB2F792D24A3F905000567C9 /* Expo.plist in Resources */ = {isa = PBXBuildFile; fileRef = BB2F792C24A3F905000567C9 /* Expo.plist */; };
		BD3965D7D87B45838253510A /* gin_green_dark-Icon-60x60@3x.png in Resources */ = {isa = PBXBuildFile; fileRef = E60A5887DE044F2099BE0D0F /* gin_green_dark-Icon-60x60@3x.png */; };
		C0889928CD3644F397866504 /* gin_green_light-Icon-60x60@2x.png in Resources */ = {isa = PBXBuildFile; fileRef = 11E30174D13E4F8B967B8FD4 /* gin_green_light-Icon-60x60@2x.png */; };
		C7E343C6C65747C090ECB905 /* gin_red_light-Icon-60x60@2x.png in Resources */ = {isa = PBXBuildFile; fileRef = 4FC4E0A26F454833A9C4756A /* gin_red_light-Icon-60x60@2x.png */; };
		D3028B9EEC5151E7CB893DF1 /* PrivacyInfo.xcprivacy in Resources */ = {isa = PBXBuildFile; fileRef = B4D5401A14A29B70F9AAE932 /* PrivacyInfo.xcprivacy */; };
		D9B23899ABE94699A392C0C3 /* r2v_light-Icon-60x60@2x.png in Resources */ = {isa = PBXBuildFile; fileRef = 8FC4F5D23BB54164B3F23CEC /* r2v_light-Icon-60x60@2x.png */; };
		E1733358E7E54D0FA1010CFB /* gin_blue_light-Icon-60x60@2x.png in Resources */ = {isa = PBXBuildFile; fileRef = F9B4D0E77400493881D66D1E /* gin_blue_light-Icon-60x60@2x.png */; };
		E7B371EC252B409BB3E175CF /* r2v_dark-Icon-60x60@2x.png in Resources */ = {isa = PBXBuildFile; fileRef = A5F655F9DCD849DFB959A63A /* r2v_dark-Icon-60x60@2x.png */; };
		E7E8EE32DC0B4E8D927118B1 /* gin_pink_light-Icon-60x60@3x.png in Resources */ = {isa = PBXBuildFile; fileRef = 7802D6FA724140BC8DFB7C69 /* gin_pink_light-Icon-60x60@3x.png */; };
		ED5287E9F9FB486C81646BA3 /* gin_dark_purple_dark-Icon-60x60@3x.png in Resources */ = {isa = PBXBuildFile; fileRef = 77468E6F33EB4393A881CEAB /* gin_dark_purple_dark-Icon-60x60@3x.png */; };
		EE8EA2EDBC3247EE98C505C7 /* gin_dark_purple_light-Icon-60x60@2x.png in Resources */ = {isa = PBXBuildFile; fileRef = 2D8C132A19394C3387949E2C /* gin_dark_purple_light-Icon-60x60@2x.png */; };
		F11748422D0307B40044C1D9 /* AppDelegate.swift in Sources */ = {isa = PBXBuildFile; fileRef = F11748412D0307B40044C1D9 /* AppDelegate.swift */; };
		FB7E699F83E84EF89AD129BE /* gin_purple_dark-Icon-60x60@3x.png in Resources */ = {isa = PBXBuildFile; fileRef = 8966D7E5818E49BC9BC95456 /* gin_purple_dark-Icon-60x60@3x.png */; };
		FBE65E01876A40908DD0F633 /* gin_orange_light-Icon-60x60@3x.png in Resources */ = {isa = PBXBuildFile; fileRef = C09991044E7647C09F561328 /* gin_orange_light-Icon-60x60@3x.png */; };
/* End PBXBuildFile section */

/* Begin PBXFileReference section */
		031F1C7B441945A6830A6C61 /* gin_purple_light-Icon-60x60@2x.png */ = {isa = PBXFileReference; explicitFileType = undefined; fileEncoding = undefined; includeInIndex = 0; lastKnownFileType = unknown; name = "gin_purple_light-Icon-60x60@2x.png"; path = "R2V/DynamicAppIcons/gin_purple_light-Icon-60x60@2x.png"; sourceTree = "<group>"; };
		08DDD64218564DBAA61258A5 /* gin_pink_dark-Icon-60x60@3x.png */ = {isa = PBXFileReference; explicitFileType = undefined; fileEncoding = undefined; includeInIndex = 0; lastKnownFileType = unknown; name = "gin_pink_dark-Icon-60x60@3x.png"; path = "R2V/DynamicAppIcons/gin_pink_dark-Icon-60x60@3x.png"; sourceTree = "<group>"; };
		0F72FCDB4CBD4D199C04A461 /* gin_blue_dark-Icon-60x60@3x.png */ = {isa = PBXFileReference; explicitFileType = undefined; fileEncoding = undefined; includeInIndex = 0; lastKnownFileType = unknown; name = "gin_blue_dark-Icon-60x60@3x.png"; path = "R2V/DynamicAppIcons/gin_blue_dark-Icon-60x60@3x.png"; sourceTree = "<group>"; };
		11E30174D13E4F8B967B8FD4 /* gin_green_light-Icon-60x60@2x.png */ = {isa = PBXFileReference; explicitFileType = undefined; fileEncoding = undefined; includeInIndex = 0; lastKnownFileType = unknown; name = "gin_green_light-Icon-60x60@2x.png"; path = "R2V/DynamicAppIcons/gin_green_light-Icon-60x60@2x.png"; sourceTree = "<group>"; };
		13B07F961A680F5B00A75B9A /* R2V.app */ = {isa = PBXFileReference; explicitFileType = wrapper.application; includeInIndex = 0; path = R2V.app; sourceTree = BUILT_PRODUCTS_DIR; };
		13B07FB51A68108700A75B9A /* Images.xcassets */ = {isa = PBXFileReference; lastKnownFileType = folder.assetcatalog; name = Images.xcassets; path = R2V/Images.xcassets; sourceTree = "<group>"; };
		13B07FB61A68108700A75B9A /* Info.plist */ = {isa = PBXFileReference; fileEncoding = 4; lastKnownFileType = text.plist.xml; name = Info.plist; path = R2V/Info.plist; sourceTree = "<group>"; };
		1CFC0202B415488490931874 /* gin_red_dark-Icon-60x60@2x.png */ = {isa = PBXFileReference; explicitFileType = undefined; fileEncoding = undefined; includeInIndex = 0; lastKnownFileType = unknown; name = "gin_red_dark-Icon-60x60@2x.png"; path = "R2V/DynamicAppIcons/gin_red_dark-Icon-60x60@2x.png"; sourceTree = "<group>"; };
		2139CD6D4BAC264DC4B9BB52 /* Pods-R2V.release.xcconfig */ = {isa = PBXFileReference; includeInIndex = 1; lastKnownFileType = text.xcconfig; name = "Pods-R2V.release.xcconfig"; path = "Target Support Files/Pods-R2V/Pods-R2V.release.xcconfig"; sourceTree = "<group>"; };
		2395116C9DF54AE5BCA448DB /* gin_teal_light-Icon-60x60@3x.png */ = {isa = PBXFileReference; explicitFileType = undefined; fileEncoding = undefined; includeInIndex = 0; lastKnownFileType = unknown; name = "gin_teal_light-Icon-60x60@3x.png"; path = "R2V/DynamicAppIcons/gin_teal_light-Icon-60x60@3x.png"; sourceTree = "<group>"; };
		2D8C132A19394C3387949E2C /* gin_dark_purple_light-Icon-60x60@2x.png */ = {isa = PBXFileReference; explicitFileType = undefined; fileEncoding = undefined; includeInIndex = 0; lastKnownFileType = unknown; name = "gin_dark_purple_light-Icon-60x60@2x.png"; path = "R2V/DynamicAppIcons/gin_dark_purple_light-Icon-60x60@2x.png"; sourceTree = "<group>"; };
		36701FBD6870486895E9C843 /* r2v_dark-Icon-60x60@3x.png */ = {isa = PBXFileReference; explicitFileType = undefined; fileEncoding = undefined; includeInIndex = 0; lastKnownFileType = unknown; name = "r2v_dark-Icon-60x60@3x.png"; path = "R2V/DynamicAppIcons/r2v_dark-Icon-60x60@3x.png"; sourceTree = "<group>"; };
		3A7EB9EAA3BC492785078434 /* gin_yellow_dark-Icon-60x60@3x.png */ = {isa = PBXFileReference; explicitFileType = undefined; fileEncoding = undefined; includeInIndex = 0; lastKnownFileType = unknown; name = "gin_yellow_dark-Icon-60x60@3x.png"; path = "R2V/DynamicAppIcons/gin_yellow_dark-Icon-60x60@3x.png"; sourceTree = "<group>"; };
		40B349698821437693F67138 /* libPods-R2V.a */ = {isa = PBXFileReference; explicitFileType = archive.ar; includeInIndex = 0; path = "libPods-R2V.a"; sourceTree = BUILT_PRODUCTS_DIR; };
		4334843F596549E1A2501168 /* gin_yellow_light-Icon-60x60@2x.png */ = {isa = PBXFileReference; explicitFileType = undefined; fileEncoding = undefined; includeInIndex = 0; lastKnownFileType = unknown; name = "gin_yellow_light-Icon-60x60@2x.png"; path = "R2V/DynamicAppIcons/gin_yellow_light-Icon-60x60@2x.png"; sourceTree = "<group>"; };
		47EC93564EFC460AAD48F4FD /* gin_yellow_light-Icon-60x60@3x.png */ = {isa = PBXFileReference; explicitFileType = undefined; fileEncoding = undefined; includeInIndex = 0; lastKnownFileType = unknown; name = "gin_yellow_light-Icon-60x60@3x.png"; path = "R2V/DynamicAppIcons/gin_yellow_light-Icon-60x60@3x.png"; sourceTree = "<group>"; };
		488A4ABF28854212ACB1BF9D /* gin_pink_dark-Icon-60x60@2x.png */ = {isa = PBXFileReference; explicitFileType = undefined; fileEncoding = undefined; includeInIndex = 0; lastKnownFileType = unknown; name = "gin_pink_dark-Icon-60x60@2x.png"; path = "R2V/DynamicAppIcons/gin_pink_dark-Icon-60x60@2x.png"; sourceTree = "<group>"; };
		4FC4E0A26F454833A9C4756A /* gin_red_light-Icon-60x60@2x.png */ = {isa = PBXFileReference; explicitFileType = undefined; fileEncoding = undefined; includeInIndex = 0; lastKnownFileType = unknown; name = "gin_red_light-Icon-60x60@2x.png"; path = "R2V/DynamicAppIcons/gin_red_light-Icon-60x60@2x.png"; sourceTree = "<group>"; };
		58D35448BE154B4FA3DAEB3F /* gin_teal_dark-Icon-60x60@3x.png */ = {isa = PBXFileReference; explicitFileType = undefined; fileEncoding = undefined; includeInIndex = 0; lastKnownFileType = unknown; name = "gin_teal_dark-Icon-60x60@3x.png"; path = "R2V/DynamicAppIcons/gin_teal_dark-Icon-60x60@3x.png"; sourceTree = "<group>"; };
		5A5BACD78CBF403F91B3A434 /* gin_blue_dark-Icon-60x60@2x.png */ = {isa = PBXFileReference; explicitFileType = undefined; fileEncoding = undefined; includeInIndex = 0; lastKnownFileType = unknown; name = "gin_blue_dark-Icon-60x60@2x.png"; path = "R2V/DynamicAppIcons/gin_blue_dark-Icon-60x60@2x.png"; sourceTree = "<group>"; };
		5E5394CB00394208AA833851 /* gin_red_dark-Icon-60x60@3x.png */ = {isa = PBXFileReference; explicitFileType = undefined; fileEncoding = undefined; includeInIndex = 0; lastKnownFileType = unknown; name = "gin_red_dark-Icon-60x60@3x.png"; path = "R2V/DynamicAppIcons/gin_red_dark-Icon-60x60@3x.png"; sourceTree = "<group>"; };
		623E45A7A89E4AED813A9ACF /* gin_teal_light-Icon-60x60@2x.png */ = {isa = PBXFileReference; explicitFileType = undefined; fileEncoding = undefined; includeInIndex = 0; lastKnownFileType = unknown; name = "gin_teal_light-Icon-60x60@2x.png"; path = "R2V/DynamicAppIcons/gin_teal_light-Icon-60x60@2x.png"; sourceTree = "<group>"; };
		62D850615EF54C20ADF48034 /* gin_blue_light-Icon-60x60@3x.png */ = {isa = PBXFileReference; explicitFileType = undefined; fileEncoding = undefined; includeInIndex = 0; lastKnownFileType = unknown; name = "gin_blue_light-Icon-60x60@3x.png"; path = "R2V/DynamicAppIcons/gin_blue_light-Icon-60x60@3x.png"; sourceTree = "<group>"; };
		6CD413277F5A4F509297B587 /* gin_green_light-Icon-60x60@3x.png */ = {isa = PBXFileReference; explicitFileType = undefined; fileEncoding = undefined; includeInIndex = 0; lastKnownFileType = unknown; name = "gin_green_light-Icon-60x60@3x.png"; path = "R2V/DynamicAppIcons/gin_green_light-Icon-60x60@3x.png"; sourceTree = "<group>"; };
		6EF42CDF97254A2A97329948 /* gin_yellow_dark-Icon-60x60@2x.png */ = {isa = PBXFileReference; explicitFileType = undefined; fileEncoding = undefined; includeInIndex = 0; lastKnownFileType = unknown; name = "gin_yellow_dark-Icon-60x60@2x.png"; path = "R2V/DynamicAppIcons/gin_yellow_dark-Icon-60x60@2x.png"; sourceTree = "<group>"; };
		77468E6F33EB4393A881CEAB /* gin_dark_purple_dark-Icon-60x60@3x.png */ = {isa = PBXFileReference; explicitFileType = undefined; fileEncoding = undefined; includeInIndex = 0; lastKnownFileType = unknown; name = "gin_dark_purple_dark-Icon-60x60@3x.png"; path = "R2V/DynamicAppIcons/gin_dark_purple_dark-Icon-60x60@3x.png"; sourceTree = "<group>"; };
		7802D6FA724140BC8DFB7C69 /* gin_pink_light-Icon-60x60@3x.png */ = {isa = PBXFileReference; explicitFileType = undefined; fileEncoding = undefined; includeInIndex = 0; lastKnownFileType = unknown; name = "gin_pink_light-Icon-60x60@3x.png"; path = "R2V/DynamicAppIcons/gin_pink_light-Icon-60x60@3x.png"; sourceTree = "<group>"; };
		7E890633C4E64719AC5B528A /* gin_purple_dark-Icon-60x60@2x.png */ = {isa = PBXFileReference; explicitFileType = undefined; fileEncoding = undefined; includeInIndex = 0; lastKnownFileType = unknown; name = "gin_purple_dark-Icon-60x60@2x.png"; path = "R2V/DynamicAppIcons/gin_purple_dark-Icon-60x60@2x.png"; sourceTree = "<group>"; };
		8966D7E5818E49BC9BC95456 /* gin_purple_dark-Icon-60x60@3x.png */ = {isa = PBXFileReference; explicitFileType = undefined; fileEncoding = undefined; includeInIndex = 0; lastKnownFileType = unknown; name = "gin_purple_dark-Icon-60x60@3x.png"; path = "R2V/DynamicAppIcons/gin_purple_dark-Icon-60x60@3x.png"; sourceTree = "<group>"; };
		8EE00A3661A84101B3A0C226 /* gin_teal_dark-Icon-60x60@2x.png */ = {isa = PBXFileReference; explicitFileType = undefined; fileEncoding = undefined; includeInIndex = 0; lastKnownFileType = unknown; name = "gin_teal_dark-Icon-60x60@2x.png"; path = "R2V/DynamicAppIcons/gin_teal_dark-Icon-60x60@2x.png"; sourceTree = "<group>"; };
		8FC4F5D23BB54164B3F23CEC /* r2v_light-Icon-60x60@2x.png */ = {isa = PBXFileReference; explicitFileType = undefined; fileEncoding = undefined; includeInIndex = 0; lastKnownFileType = unknown; name = "r2v_light-Icon-60x60@2x.png"; path = "R2V/DynamicAppIcons/r2v_light-Icon-60x60@2x.png"; sourceTree = "<group>"; };
		951CC7CD93FE4AFF9F839FA7 /* gin_purple_light-Icon-60x60@3x.png */ = {isa = PBXFileReference; explicitFileType = undefined; fileEncoding = undefined; includeInIndex = 0; lastKnownFileType = unknown; name = "gin_purple_light-Icon-60x60@3x.png"; path = "R2V/DynamicAppIcons/gin_purple_light-Icon-60x60@3x.png"; sourceTree = "<group>"; };
		9A2F1069272C494CB68608AC /* r2v_light-Icon-60x60@3x.png */ = {isa = PBXFileReference; explicitFileType = undefined; fileEncoding = undefined; includeInIndex = 0; lastKnownFileType = unknown; name = "r2v_light-Icon-60x60@3x.png"; path = "R2V/DynamicAppIcons/r2v_light-Icon-60x60@3x.png"; sourceTree = "<group>"; };
		A121CC456B61408989183C0D /* gin_orange_dark-Icon-60x60@2x.png */ = {isa = PBXFileReference; explicitFileType = undefined; fileEncoding = undefined; includeInIndex = 0; lastKnownFileType = unknown; name = "gin_orange_dark-Icon-60x60@2x.png"; path = "R2V/DynamicAppIcons/gin_orange_dark-Icon-60x60@2x.png"; sourceTree = "<group>"; };
		A5F655F9DCD849DFB959A63A /* r2v_dark-Icon-60x60@2x.png */ = {isa = PBXFileReference; explicitFileType = undefined; fileEncoding = undefined; includeInIndex = 0; lastKnownFileType = unknown; name = "r2v_dark-Icon-60x60@2x.png"; path = "R2V/DynamicAppIcons/r2v_dark-Icon-60x60@2x.png"; sourceTree = "<group>"; };
		AA286B85B6C04FC6940260E9 /* SplashScreen.storyboard */ = {isa = PBXFileReference; fileEncoding = 4; lastKnownFileType = file.storyboard; name = SplashScreen.storyboard; path = R2V/SplashScreen.storyboard; sourceTree = "<group>"; };
		B0BF6BA140954E86A629633B /* gin_pink_light-Icon-60x60@2x.png */ = {isa = PBXFileReference; explicitFileType = undefined; fileEncoding = undefined; includeInIndex = 0; lastKnownFileType = unknown; name = "gin_pink_light-Icon-60x60@2x.png"; path = "R2V/DynamicAppIcons/gin_pink_light-Icon-60x60@2x.png"; sourceTree = "<group>"; };
		B15E97E8A8FE43E7A2B49181 /* gin_dark_purple_light-Icon-60x60@3x.png */ = {isa = PBXFileReference; explicitFileType = undefined; fileEncoding = undefined; includeInIndex = 0; lastKnownFileType = unknown; name = "gin_dark_purple_light-Icon-60x60@3x.png"; path = "R2V/DynamicAppIcons/gin_dark_purple_light-Icon-60x60@3x.png"; sourceTree = "<group>"; };
		B4D5401A14A29B70F9AAE932 /* PrivacyInfo.xcprivacy */ = {isa = PBXFileReference; includeInIndex = 1; name = PrivacyInfo.xcprivacy; path = R2V/PrivacyInfo.xcprivacy; sourceTree = "<group>"; };
		B905E0D5D38D4DAD86A57472 /* gin_green_dark-Icon-60x60@2x.png */ = {isa = PBXFileReference; explicitFileType = undefined; fileEncoding = undefined; includeInIndex = 0; lastKnownFileType = unknown; name = "gin_green_dark-Icon-60x60@2x.png"; path = "R2V/DynamicAppIcons/gin_green_dark-Icon-60x60@2x.png"; sourceTree = "<group>"; };
		BB2F792C24A3F905000567C9 /* Expo.plist */ = {isa = PBXFileReference; fileEncoding = 4; lastKnownFileType = text.plist.xml; path = Expo.plist; sourceTree = "<group>"; };
		C09991044E7647C09F561328 /* gin_orange_light-Icon-60x60@3x.png */ = {isa = PBXFileReference; explicitFileType = undefined; fileEncoding = undefined; includeInIndex = 0; lastKnownFileType = unknown; name = "gin_orange_light-Icon-60x60@3x.png"; path = "R2V/DynamicAppIcons/gin_orange_light-Icon-60x60@3x.png"; sourceTree = "<group>"; };
		CE5A318AE9026FD6EB0FACC3 /* ExpoModulesProvider.swift */ = {isa = PBXFileReference; includeInIndex = 1; lastKnownFileType = sourcecode.swift; name = ExpoModulesProvider.swift; path = "Pods/Target Support Files/Pods-R2V/ExpoModulesProvider.swift"; sourceTree = "<group>"; };
		D104928F4104463BAC498573 /* gin_red_light-Icon-60x60@3x.png */ = {isa = PBXFileReference; explicitFileType = undefined; fileEncoding = undefined; includeInIndex = 0; lastKnownFileType = unknown; name = "gin_red_light-Icon-60x60@3x.png"; path = "R2V/DynamicAppIcons/gin_red_light-Icon-60x60@3x.png"; sourceTree = "<group>"; };
		D114F2E951E34F9F8AE0B76F /* gin_dark_purple_dark-Icon-60x60@2x.png */ = {isa = PBXFileReference; explicitFileType = undefined; fileEncoding = undefined; includeInIndex = 0; lastKnownFileType = unknown; name = "gin_dark_purple_dark-Icon-60x60@2x.png"; path = "R2V/DynamicAppIcons/gin_dark_purple_dark-Icon-60x60@2x.png"; sourceTree = "<group>"; };
		D20D58408847662D9A55A672 /* Pods-R2V.debug.xcconfig */ = {isa = PBXFileReference; includeInIndex = 1; lastKnownFileType = text.xcconfig; name = "Pods-R2V.debug.xcconfig"; path = "Target Support Files/Pods-R2V/Pods-R2V.debug.xcconfig"; sourceTree = "<group>"; };
		D5D67794C46B419887D4DB8B /* gin_orange_dark-Icon-60x60@3x.png */ = {isa = PBXFileReference; explicitFileType = undefined; fileEncoding = undefined; includeInIndex = 0; lastKnownFileType = unknown; name = "gin_orange_dark-Icon-60x60@3x.png"; path = "R2V/DynamicAppIcons/gin_orange_dark-Icon-60x60@3x.png"; sourceTree = "<group>"; };
		DE8506ED9E9B447FA64DFBE3 /* gin_orange_light-Icon-60x60@2x.png */ = {isa = PBXFileReference; explicitFileType = undefined; fileEncoding = undefined; includeInIndex = 0; lastKnownFileType = unknown; name = "gin_orange_light-Icon-60x60@2x.png"; path = "R2V/DynamicAppIcons/gin_orange_light-Icon-60x60@2x.png"; sourceTree = "<group>"; };
		E60A5887DE044F2099BE0D0F /* gin_green_dark-Icon-60x60@3x.png */ = {isa = PBXFileReference; explicitFileType = undefined; fileEncoding = undefined; includeInIndex = 0; lastKnownFileType = unknown; name = "gin_green_dark-Icon-60x60@3x.png"; path = "R2V/DynamicAppIcons/gin_green_dark-Icon-60x60@3x.png"; sourceTree = "<group>"; };
		ED297162215061F000B7C4FE /* JavaScriptCore.framework */ = {isa = PBXFileReference; lastKnownFileType = wrapper.framework; name = JavaScriptCore.framework; path = System/Library/Frameworks/JavaScriptCore.framework; sourceTree = SDKROOT; };
		F11748412D0307B40044C1D9 /* AppDelegate.swift */ = {isa = PBXFileReference; lastKnownFileType = sourcecode.swift; name = AppDelegate.swift; path = R2V/AppDelegate.swift; sourceTree = "<group>"; };
		F11748442D0722820044C1D9 /* R2V-Bridging-Header.h */ = {isa = PBXFileReference; lastKnownFileType = sourcecode.c.h; name = "R2V-Bridging-Header.h"; path = "R2V/R2V-Bridging-Header.h"; sourceTree = "<group>"; };
		F9B4D0E77400493881D66D1E /* gin_blue_light-Icon-60x60@2x.png */ = {isa = PBXFileReference; explicitFileType = undefined; fileEncoding = undefined; includeInIndex = 0; lastKnownFileType = unknown; name = "gin_blue_light-Icon-60x60@2x.png"; path = "R2V/DynamicAppIcons/gin_blue_light-Icon-60x60@2x.png"; sourceTree = "<group>"; };
/* End PBXFileReference section */

/* Begin PBXFrameworksBuildPhase section */
		13B07F8C1A680F5B00A75B9A /* Frameworks */ = {
			isa = PBXFrameworksBuildPhase;
			buildActionMask = 2147483647;
			files = (
				9015863C8802CCED1E1BE484 /* libPods-R2V.a in Frameworks */,
			);
			runOnlyForDeploymentPostprocessing = 0;
		};
/* End PBXFrameworksBuildPhase section */

/* Begin PBXGroup section */
		13B07FAE1A68108700A75B9A /* R2V */ = {
			isa = PBXGroup;
			children = (
				F11748412D0307B40044C1D9 /* AppDelegate.swift */,
				F11748442D0722820044C1D9 /* R2V-Bridging-Header.h */,
				BB2F792B24A3F905000567C9 /* Supporting */,
				13B07FB51A68108700A75B9A /* Images.xcassets */,
				13B07FB61A68108700A75B9A /* Info.plist */,
				AA286B85B6C04FC6940260E9 /* SplashScreen.storyboard */,
				9BEEEEFD09F04C4DA701583D /* DynamicAppIcons */,
				B4D5401A14A29B70F9AAE932 /* PrivacyInfo.xcprivacy */,
			);
			name = R2V;
			sourceTree = "<group>";
		};
		1DA3B4A5885D92D9E515B2A4 /* R2V */ = {
			isa = PBXGroup;
			children = (
				CE5A318AE9026FD6EB0FACC3 /* ExpoModulesProvider.swift */,
			);
			name = R2V;
			sourceTree = "<group>";
		};
		23CDCB87BEA5C6A9A366783B /* Pods */ = {
			isa = PBXGroup;
			children = (
				D20D58408847662D9A55A672 /* Pods-R2V.debug.xcconfig */,
				2139CD6D4BAC264DC4B9BB52 /* Pods-R2V.release.xcconfig */,
			);
			name = Pods;
			path = Pods;
			sourceTree = "<group>";
		};
		2D16E6871FA4F8E400B85C8A /* Frameworks */ = {
			isa = PBXGroup;
			children = (
				ED297162215061F000B7C4FE /* JavaScriptCore.framework */,
				40B349698821437693F67138 /* libPods-R2V.a */,
			);
			name = Frameworks;
			sourceTree = "<group>";
		};
		65495BA1DED03DE6CA35FBB4 /* ExpoModulesProviders */ = {
			isa = PBXGroup;
			children = (
				1DA3B4A5885D92D9E515B2A4 /* R2V */,
			);
			name = ExpoModulesProviders;
			sourceTree = "<group>";
		};
		832341AE1AAA6A7D00B99B32 /* Libraries */ = {
			isa = PBXGroup;
			children = (
			);
			name = Libraries;
			sourceTree = "<group>";
		};
		83CBB9F61A601CBA00E9B192 = {
			isa = PBXGroup;
			children = (
				13B07FAE1A68108700A75B9A /* R2V */,
				832341AE1AAA6A7D00B99B32 /* Libraries */,
				83CBBA001A601CBA00E9B192 /* Products */,
				2D16E6871FA4F8E400B85C8A /* Frameworks */,
				C18A4E6C39A043B48532D547 /* Resources */,
				23CDCB87BEA5C6A9A366783B /* Pods */,
				65495BA1DED03DE6CA35FBB4 /* ExpoModulesProviders */,
			);
			indentWidth = 2;
			sourceTree = "<group>";
			tabWidth = 2;
			usesTabs = 0;
		};
		83CBBA001A601CBA00E9B192 /* Products */ = {
			isa = PBXGroup;
			children = (
				13B07F961A680F5B00A75B9A /* R2V.app */,
			);
			name = Products;
			sourceTree = "<group>";
		};
		9BEEEEFD09F04C4DA701583D /* DynamicAppIcons */ = {
			isa = PBXGroup;
			children = (
				8FC4F5D23BB54164B3F23CEC /* r2v_light-Icon-60x60@2x.png */,
				9A2F1069272C494CB68608AC /* r2v_light-Icon-60x60@3x.png */,
				A5F655F9DCD849DFB959A63A /* r2v_dark-Icon-60x60@2x.png */,
				36701FBD6870486895E9C843 /* r2v_dark-Icon-60x60@3x.png */,
				F9B4D0E77400493881D66D1E /* gin_blue_light-Icon-60x60@2x.png */,
				62D850615EF54C20ADF48034 /* gin_blue_light-Icon-60x60@3x.png */,
				5A5BACD78CBF403F91B3A434 /* gin_blue_dark-Icon-60x60@2x.png */,
				0F72FCDB4CBD4D199C04A461 /* gin_blue_dark-Icon-60x60@3x.png */,
				2D8C132A19394C3387949E2C /* gin_dark_purple_light-Icon-60x60@2x.png */,
				B15E97E8A8FE43E7A2B49181 /* gin_dark_purple_light-Icon-60x60@3x.png */,
				D114F2E951E34F9F8AE0B76F /* gin_dark_purple_dark-Icon-60x60@2x.png */,
				77468E6F33EB4393A881CEAB /* gin_dark_purple_dark-Icon-60x60@3x.png */,
				031F1C7B441945A6830A6C61 /* gin_purple_light-Icon-60x60@2x.png */,
				951CC7CD93FE4AFF9F839FA7 /* gin_purple_light-Icon-60x60@3x.png */,
				7E890633C4E64719AC5B528A /* gin_purple_dark-Icon-60x60@2x.png */,
				8966D7E5818E49BC9BC95456 /* gin_purple_dark-Icon-60x60@3x.png */,
				11E30174D13E4F8B967B8FD4 /* gin_green_light-Icon-60x60@2x.png */,
				6CD413277F5A4F509297B587 /* gin_green_light-Icon-60x60@3x.png */,
				B905E0D5D38D4DAD86A57472 /* gin_green_dark-Icon-60x60@2x.png */,
				E60A5887DE044F2099BE0D0F /* gin_green_dark-Icon-60x60@3x.png */,
				623E45A7A89E4AED813A9ACF /* gin_teal_light-Icon-60x60@2x.png */,
				2395116C9DF54AE5BCA448DB /* gin_teal_light-Icon-60x60@3x.png */,
				8EE00A3661A84101B3A0C226 /* gin_teal_dark-Icon-60x60@2x.png */,
				58D35448BE154B4FA3DAEB3F /* gin_teal_dark-Icon-60x60@3x.png */,
				4FC4E0A26F454833A9C4756A /* gin_red_light-Icon-60x60@2x.png */,
				D104928F4104463BAC498573 /* gin_red_light-Icon-60x60@3x.png */,
				1CFC0202B415488490931874 /* gin_red_dark-Icon-60x60@2x.png */,
				5E5394CB00394208AA833851 /* gin_red_dark-Icon-60x60@3x.png */,
				DE8506ED9E9B447FA64DFBE3 /* gin_orange_light-Icon-60x60@2x.png */,
				C09991044E7647C09F561328 /* gin_orange_light-Icon-60x60@3x.png */,
				A121CC456B61408989183C0D /* gin_orange_dark-Icon-60x60@2x.png */,
				D5D67794C46B419887D4DB8B /* gin_orange_dark-Icon-60x60@3x.png */,
				4334843F596549E1A2501168 /* gin_yellow_light-Icon-60x60@2x.png */,
				47EC93564EFC460AAD48F4FD /* gin_yellow_light-Icon-60x60@3x.png */,
				6EF42CDF97254A2A97329948 /* gin_yellow_dark-Icon-60x60@2x.png */,
				3A7EB9EAA3BC492785078434 /* gin_yellow_dark-Icon-60x60@3x.png */,
				B0BF6BA140954E86A629633B /* gin_pink_light-Icon-60x60@2x.png */,
				7802D6FA724140BC8DFB7C69 /* gin_pink_light-Icon-60x60@3x.png */,
				488A4ABF28854212ACB1BF9D /* gin_pink_dark-Icon-60x60@2x.png */,
				08DDD64218564DBAA61258A5 /* gin_pink_dark-Icon-60x60@3x.png */,
			);
			name = DynamicAppIcons;
			path = "";
			sourceTree = "<group>";
		};
		BB2F792B24A3F905000567C9 /* Supporting */ = {
			isa = PBXGroup;
			children = (
				BB2F792C24A3F905000567C9 /* Expo.plist */,
			);
			name = Supporting;
			path = R2V/Supporting;
			sourceTree = "<group>";
		};
		C18A4E6C39A043B48532D547 /* Resources */ = {
			isa = PBXGroup;
			children = (
			);
			name = Resources;
			path = "";
			sourceTree = "<group>";
		};
/* End PBXGroup section */

/* Begin PBXNativeTarget section */
		13B07F861A680F5B00A75B9A /* R2V */ = {
			isa = PBXNativeTarget;
			buildConfigurationList = 13B07F931A680F5B00A75B9A /* Build configuration list for PBXNativeTarget "R2V" */;
			buildPhases = (
				08A4A3CD28434E44B6B9DE2E /* [CP] Check Pods Manifest.lock */,
				5A2C6F015D3E7D661C074A9B /* [Expo] Configure project */,
				13B07F871A680F5B00A75B9A /* Sources */,
				13B07F8C1A680F5B00A75B9A /* Frameworks */,
				13B07F8E1A680F5B00A75B9A /* Resources */,
				00DD1BFF1BD5951E006B06BC /* Bundle React Native code and images */,
				800E24972A6A228C8D4807E9 /* [CP] Copy Pods Resources */,
				7606C86176CA4902AE510272 /* Upload Debug Symbols to Sentry */,
				BA47C9B5FA82C7F51D51E6AA /* [CP] Embed Pods Frameworks */,
			);
			buildRules = (
			);
			dependencies = (
			);
			name = R2V;
			productName = R2V;
			productReference = 13B07F961A680F5B00A75B9A /* R2V.app */;
			productType = "com.apple.product-type.application";
		};
/* End PBXNativeTarget section */

/* Begin PBXProject section */
		83CBB9F71A601CBA00E9B192 /* Project object */ = {
			isa = PBXProject;
			attributes = {
				LastUpgradeCheck = 1130;
				TargetAttributes = {
					13B07F861A680F5B00A75B9A = {
						LastSwiftMigration = 1250;
					};
				};
			};
			buildConfigurationList = 83CBB9FA1A601CBA00E9B192 /* Build configuration list for PBXProject "R2V" */;
			compatibilityVersion = "Xcode 3.2";
			developmentRegion = en;
			hasScannedForEncodings = 0;
			knownRegions = (
				en,
				Base,
			);
			mainGroup = 83CBB9F61A601CBA00E9B192;
			productRefGroup = 83CBBA001A601CBA00E9B192 /* Products */;
			projectDirPath = "";
			projectRoot = "";
			targets = (
				13B07F861A680F5B00A75B9A /* R2V */,
			);
		};
/* End PBXProject section */

/* Begin PBXResourcesBuildPhase section */
		13B07F8E1A680F5B00A75B9A /* Resources */ = {
			isa = PBXResourcesBuildPhase;
			buildActionMask = 2147483647;
			files = (
				BB2F792D24A3F905000567C9 /* Expo.plist in Resources */,
				13B07FBF1A68108700A75B9A /* Images.xcassets in Resources */,
				3E461D99554A48A4959DE609 /* SplashScreen.storyboard in Resources */,
				D3028B9EEC5151E7CB893DF1 /* PrivacyInfo.xcprivacy in Resources */,
				D9B23899ABE94699A392C0C3 /* r2v_light-Icon-60x60@2x.png in Resources */,
				847E17A1E11B4BBFA6F82A36 /* r2v_light-Icon-60x60@3x.png in Resources */,
				E7B371EC252B409BB3E175CF /* r2v_dark-Icon-60x60@2x.png in Resources */,
				0EA4BC6CFF5F4F549832A690 /* r2v_dark-Icon-60x60@3x.png in Resources */,
				E1733358E7E54D0FA1010CFB /* gin_blue_light-Icon-60x60@2x.png in Resources */,
				188C010DC2924F439E6D01BD /* gin_blue_light-Icon-60x60@3x.png in Resources */,
				13D9482FB78D45EB91EC7965 /* gin_blue_dark-Icon-60x60@2x.png in Resources */,
				4A01E4593A9743DE98848212 /* gin_blue_dark-Icon-60x60@3x.png in Resources */,
				EE8EA2EDBC3247EE98C505C7 /* gin_dark_purple_light-Icon-60x60@2x.png in Resources */,
				8AE660446B1A48F092E7951F /* gin_dark_purple_light-Icon-60x60@3x.png in Resources */,
				B5AB91B9EAE84030A98E4BEF /* gin_dark_purple_dark-Icon-60x60@2x.png in Resources */,
				ED5287E9F9FB486C81646BA3 /* gin_dark_purple_dark-Icon-60x60@3x.png in Resources */,
				A82FB749AA7A4F0593F713A5 /* gin_purple_light-Icon-60x60@2x.png in Resources */,
				910BDE6195234DE8A236D30B /* gin_purple_light-Icon-60x60@3x.png in Resources */,
				5E7177C1806F4A6D88DA3A80 /* gin_purple_dark-Icon-60x60@2x.png in Resources */,
				FB7E699F83E84EF89AD129BE /* gin_purple_dark-Icon-60x60@3x.png in Resources */,
				C0889928CD3644F397866504 /* gin_green_light-Icon-60x60@2x.png in Resources */,
				B73D42B3FAA545BDBED0F947 /* gin_green_light-Icon-60x60@3x.png in Resources */,
				16F8DB7E07554C47A436B109 /* gin_green_dark-Icon-60x60@2x.png in Resources */,
				BD3965D7D87B45838253510A /* gin_green_dark-Icon-60x60@3x.png in Resources */,
				4C676C79E8DE4970A3185F1C /* gin_teal_light-Icon-60x60@2x.png in Resources */,
				A65BD9C728A948E18056F6F3 /* gin_teal_light-Icon-60x60@3x.png in Resources */,
				789CB04E4C394392BEEE1258 /* gin_teal_dark-Icon-60x60@2x.png in Resources */,
				344BE0C0694440EEBB2324C9 /* gin_teal_dark-Icon-60x60@3x.png in Resources */,
				C7E343C6C65747C090ECB905 /* gin_red_light-Icon-60x60@2x.png in Resources */,
				4509E7F403D643B490164270 /* gin_red_light-Icon-60x60@3x.png in Resources */,
				6D02FA27F51D4E728290C539 /* gin_red_dark-Icon-60x60@2x.png in Resources */,
				ADFDF5ABA14E486F9E6F1910 /* gin_red_dark-Icon-60x60@3x.png in Resources */,
				988DE8EAA8094F9B9DB45000 /* gin_orange_light-Icon-60x60@2x.png in Resources */,
				FBE65E01876A40908DD0F633 /* gin_orange_light-Icon-60x60@3x.png in Resources */,
				480FBEC533DF4CDC9A2B9FCE /* gin_orange_dark-Icon-60x60@2x.png in Resources */,
				AB2E86517C7646819DEC956C /* gin_orange_dark-Icon-60x60@3x.png in Resources */,
				42A76B9F95C242DAAAC9FB88 /* gin_yellow_light-Icon-60x60@2x.png in Resources */,
				99F7186FD3204156B50BC729 /* gin_yellow_light-Icon-60x60@3x.png in Resources */,
				774FD78C8C324FE494E895F1 /* gin_yellow_dark-Icon-60x60@2x.png in Resources */,
				7747FB5279CE41349A00EA1D /* gin_yellow_dark-Icon-60x60@3x.png in Resources */,
				7320BD99A03C4B7FB581A445 /* gin_pink_light-Icon-60x60@2x.png in Resources */,
				E7E8EE32DC0B4E8D927118B1 /* gin_pink_light-Icon-60x60@3x.png in Resources */,
				9C26FD64DC974AD89642F97D /* gin_pink_dark-Icon-60x60@2x.png in Resources */,
				6D74E1ADED274445B618BECF /* gin_pink_dark-Icon-60x60@3x.png in Resources */,
			);
			runOnlyForDeploymentPostprocessing = 0;
		};
/* End PBXResourcesBuildPhase section */

/* Begin PBXShellScriptBuildPhase section */
		00DD1BFF1BD5951E006B06BC /* Bundle React Native code and images */ = {
			isa = PBXShellScriptBuildPhase;
			alwaysOutOfDate = 1;
			buildActionMask = 2147483647;
			files = (
			);
			inputPaths = (
				"$(SRCROOT)/.xcode.env",
				"$(SRCROOT)/.xcode.env.local",
			);
			name = "Bundle React Native code and images";
			outputPaths = (
			);
			runOnlyForDeploymentPostprocessing = 0;
			shellPath = /bin/sh;
			shellScript = "if [[ -f \"$PODS_ROOT/../.xcode.env\" ]]; then\n  source \"$PODS_ROOT/../.xcode.env\"\nfi\nif [[ -f \"$PODS_ROOT/../.xcode.env.local\" ]]; then\n  source \"$PODS_ROOT/../.xcode.env.local\"\nfi\n\n# The project root by default is one level up from the ios directory\nexport PROJECT_ROOT=\"$PROJECT_DIR\"/..\n\nif [[ \"$CONFIGURATION\" = *Debug* ]]; then\n  export SKIP_BUNDLING=1\nfi\nif [[ -z \"$ENTRY_FILE\" ]]; then\n  # Set the entry JS file using the bundler's entry resolution.\n  export ENTRY_FILE=\"$(\"$NODE_BINARY\" -e \"require('expo/scripts/resolveAppEntry')\" \"$PROJECT_ROOT\" ios absolute | tail -n 1)\"\nfi\n\nif [[ -z \"$CLI_PATH\" ]]; then\n  # Use Expo CLI\n  export CLI_PATH=\"$(\"$NODE_BINARY\" --print \"require.resolve('@expo/cli', { paths: [require.resolve('expo/package.json')] })\")\"\nfi\nif [[ -z \"$BUNDLE_COMMAND\" ]]; then\n  # Default Expo CLI command for bundling\n  export BUNDLE_COMMAND=\"export:embed\"\nfi\n\n# Source .xcode.env.updates if it exists to allow\n# SKIP_BUNDLING to be unset if needed\nif [[ -f \"$PODS_ROOT/../.xcode.env.updates\" ]]; then\n  source \"$PODS_ROOT/../.xcode.env.updates\"\nfi\n# Source local changes to allow overrides\n# if needed\nif [[ -f \"$PODS_ROOT/../.xcode.env.local\" ]]; then\n  source \"$PODS_ROOT/../.xcode.env.local\"\nfi\n\n/bin/sh `\"$NODE_BINARY\" --print \"require('path').dirname(require.resolve('@sentry/react-native/package.json')) + '/scripts/sentry-xcode.sh'\"` `\"$NODE_BINARY\" --print \"require('path').dirname(require.resolve('react-native/package.json')) + '/scripts/react-native-xcode.sh'\"`\n\n";
		};
		08A4A3CD28434E44B6B9DE2E /* [CP] Check Pods Manifest.lock */ = {
			isa = PBXShellScriptBuildPhase;
			buildActionMask = 2147483647;
			files = (
			);
			inputFileListPaths = (
			);
			inputPaths = (
				"${PODS_PODFILE_DIR_PATH}/Podfile.lock",
				"${PODS_ROOT}/Manifest.lock",
			);
			name = "[CP] Check Pods Manifest.lock";
			outputFileListPaths = (
			);
			outputPaths = (
				"$(DERIVED_FILE_DIR)/Pods-R2V-checkManifestLockResult.txt",
			);
			runOnlyForDeploymentPostprocessing = 0;
			shellPath = /bin/sh;
			shellScript = "diff \"${PODS_PODFILE_DIR_PATH}/Podfile.lock\" \"${PODS_ROOT}/Manifest.lock\" > /dev/null\nif [ $? != 0 ] ; then\n    # print error to STDERR\n    echo \"error: The sandbox is not in sync with the Podfile.lock. Run 'pod install' or update your CocoaPods installation.\" >&2\n    exit 1\nfi\n# This output is used by Xcode 'outputs' to avoid re-running this script phase.\necho \"SUCCESS\" > \"${SCRIPT_OUTPUT_FILE_0}\"\n";
			showEnvVarsInLog = 0;
		};
		5A2C6F015D3E7D661C074A9B /* [Expo] Configure project */ = {
			isa = PBXShellScriptBuildPhase;
			alwaysOutOfDate = 1;
			buildActionMask = 2147483647;
			files = (
			);
			inputFileListPaths = (
			);
			inputPaths = (
				"$(SRCROOT)/.xcode.env",
				"$(SRCROOT)/.xcode.env.local",
				"$(SRCROOT)/R2V/R2V.entitlements",
				"$(SRCROOT)/Pods/Target Support Files/Pods-R2V/expo-configure-project.sh",
			);
			name = "[Expo] Configure project";
			outputFileListPaths = (
			);
			outputPaths = (
				"$(SRCROOT)/Pods/Target Support Files/Pods-R2V/ExpoModulesProvider.swift",
			);
			runOnlyForDeploymentPostprocessing = 0;
			shellPath = /bin/sh;
			shellScript = "# This script configures Expo modules and generates the modules provider file.\nbash -l -c \"./Pods/Target\\ Support\\ Files/Pods-R2V/expo-configure-project.sh\"\n";
		};
		7606C86176CA4902AE510272 /* Upload Debug Symbols to Sentry */ = {
			isa = PBXShellScriptBuildPhase;
			buildActionMask = 2147483647;
			files = (
			);
			inputPaths = (
			);
			name = "Upload Debug Symbols to Sentry";
			outputPaths = (
			);
			runOnlyForDeploymentPostprocessing = 0;
			shellPath = /bin/sh;
			shellScript = "/bin/sh `${NODE_BINARY:-node} --print \"require('path').dirname(require.resolve('@sentry/react-native/package.json')) + '/scripts/sentry-xcode-debug-files.sh'\"`";
		};
		800E24972A6A228C8D4807E9 /* [CP] Copy Pods Resources */ = {
			isa = PBXShellScriptBuildPhase;
			buildActionMask = 2147483647;
			files = (
			);
			inputPaths = (
				"${PODS_ROOT}/Target Support Files/Pods-R2V/Pods-R2V-resources.sh",
				"${PODS_CONFIGURATION_BUILD_DIR}/EXApplication/ExpoApplication_privacy.bundle",
				"${PODS_CONFIGURATION_BUILD_DIR}/EXConstants/EXConstants.bundle",
				"${PODS_CONFIGURATION_BUILD_DIR}/EXConstants/ExpoConstants_privacy.bundle",
				"${PODS_CONFIGURATION_BUILD_DIR}/EXUpdates/EXUpdates.bundle",
				"${PODS_CONFIGURATION_BUILD_DIR}/ExpoDevice/ExpoDevice_privacy.bundle",
				"${PODS_CONFIGURATION_BUILD_DIR}/ExpoFileSystem/ExpoFileSystem_privacy.bundle",
				"${PODS_CONFIGURATION_BUILD_DIR}/ExpoSystemUI/ExpoSystemUI_privacy.bundle",
				"${PODS_CONFIGURATION_BUILD_DIR}/RNSVG/RNSVGFilters.bundle",
				"${PODS_CONFIGURATION_BUILD_DIR}/ReachabilitySwift/ReachabilitySwift.bundle",
				"${PODS_CONFIGURATION_BUILD_DIR}/React-Core/React-Core_privacy.bundle",
				"${PODS_CONFIGURATION_BUILD_DIR}/React-cxxreact/React-cxxreact_privacy.bundle",
				"${PODS_CONFIGURATION_BUILD_DIR}/SDWebImage/SDWebImage.bundle",
				"${PODS_CONFIGURATION_BUILD_DIR}/Sentry/Sentry.bundle",
				"${PODS_CONFIGURATION_BUILD_DIR}/expo-dev-launcher/EXDevLauncher.bundle",
				"${PODS_CONFIGURATION_BUILD_DIR}/expo-dev-menu/EXDevMenu.bundle",
				"${PODS_CONFIGURATION_BUILD_DIR}/lottie-ios/LottiePrivacyInfo.bundle",
				"${PODS_CONFIGURATION_BUILD_DIR}/lottie-react-native/Lottie_React_Native_Privacy.bundle",
			);
			name = "[CP] Copy Pods Resources";
			outputPaths = (
				"${TARGET_BUILD_DIR}/${UNLOCALIZED_RESOURCES_FOLDER_PATH}/ExpoApplication_privacy.bundle",
				"${TARGET_BUILD_DIR}/${UNLOCALIZED_RESOURCES_FOLDER_PATH}/EXConstants.bundle",
				"${TARGET_BUILD_DIR}/${UNLOCALIZED_RESOURCES_FOLDER_PATH}/ExpoConstants_privacy.bundle",
				"${TARGET_BUILD_DIR}/${UNLOCALIZED_RESOURCES_FOLDER_PATH}/EXUpdates.bundle",
				"${TARGET_BUILD_DIR}/${UNLOCALIZED_RESOURCES_FOLDER_PATH}/ExpoDevice_privacy.bundle",
				"${TARGET_BUILD_DIR}/${UNLOCALIZED_RESOURCES_FOLDER_PATH}/ExpoFileSystem_privacy.bundle",
				"${TARGET_BUILD_DIR}/${UNLOCALIZED_RESOURCES_FOLDER_PATH}/ExpoSystemUI_privacy.bundle",
				"${TARGET_BUILD_DIR}/${UNLOCALIZED_RESOURCES_FOLDER_PATH}/RNSVGFilters.bundle",
				"${TARGET_BUILD_DIR}/${UNLOCALIZED_RESOURCES_FOLDER_PATH}/ReachabilitySwift.bundle",
				"${TARGET_BUILD_DIR}/${UNLOCALIZED_RESOURCES_FOLDER_PATH}/React-Core_privacy.bundle",
				"${TARGET_BUILD_DIR}/${UNLOCALIZED_RESOURCES_FOLDER_PATH}/React-cxxreact_privacy.bundle",
				"${TARGET_BUILD_DIR}/${UNLOCALIZED_RESOURCES_FOLDER_PATH}/SDWebImage.bundle",
				"${TARGET_BUILD_DIR}/${UNLOCALIZED_RESOURCES_FOLDER_PATH}/Sentry.bundle",
				"${TARGET_BUILD_DIR}/${UNLOCALIZED_RESOURCES_FOLDER_PATH}/EXDevLauncher.bundle",
				"${TARGET_BUILD_DIR}/${UNLOCALIZED_RESOURCES_FOLDER_PATH}/EXDevMenu.bundle",
				"${TARGET_BUILD_DIR}/${UNLOCALIZED_RESOURCES_FOLDER_PATH}/LottiePrivacyInfo.bundle",
				"${TARGET_BUILD_DIR}/${UNLOCALIZED_RESOURCES_FOLDER_PATH}/Lottie_React_Native_Privacy.bundle",
			);
			runOnlyForDeploymentPostprocessing = 0;
			shellPath = /bin/sh;
			shellScript = "\"${PODS_ROOT}/Target Support Files/Pods-R2V/Pods-R2V-resources.sh\"\n";
			showEnvVarsInLog = 0;
		};
		BA47C9B5FA82C7F51D51E6AA /* [CP] Embed Pods Frameworks */ = {
			isa = PBXShellScriptBuildPhase;
			buildActionMask = 2147483647;
			files = (
			);
			inputPaths = (
				"${PODS_ROOT}/Target Support Files/Pods-R2V/Pods-R2V-frameworks.sh",
				"${PODS_XCFRAMEWORKS_BUILD_DIR}/React-Core-prebuilt/React.framework/React",
				"${PODS_XCFRAMEWORKS_BUILD_DIR}/ReactNativeDependencies/ReactNativeDependencies.framework/ReactNativeDependencies",
				"${PODS_XCFRAMEWORKS_BUILD_DIR}/hermes-engine/Pre-built/hermes.framework/hermes",
			);
			name = "[CP] Embed Pods Frameworks";
			outputPaths = (
				"${TARGET_BUILD_DIR}/${FRAMEWORKS_FOLDER_PATH}/React.framework",
				"${TARGET_BUILD_DIR}/${FRAMEWORKS_FOLDER_PATH}/ReactNativeDependencies.framework",
				"${TARGET_BUILD_DIR}/${FRAMEWORKS_FOLDER_PATH}/hermes.framework",
			);
			runOnlyForDeploymentPostprocessing = 0;
			shellPath = /bin/sh;
			shellScript = "\"${PODS_ROOT}/Target Support Files/Pods-R2V/Pods-R2V-frameworks.sh\"\n";
			showEnvVarsInLog = 0;
		};
/* End PBXShellScriptBuildPhase section */

/* Begin PBXSourcesBuildPhase section */
		13B07F871A680F5B00A75B9A /* Sources */ = {
			isa = PBXSourcesBuildPhase;
			buildActionMask = 2147483647;
			files = (
				F11748422D0307B40044C1D9 /* AppDelegate.swift in Sources */,
				92D50F8A96EF90F54CD219E4 /* ExpoModulesProvider.swift in Sources */,
			);
			runOnlyForDeploymentPostprocessing = 0;
		};
/* End PBXSourcesBuildPhase section */

/* Begin XCBuildConfiguration section */
		13B07F941A680F5B00A75B9A /* Debug */ = {
			isa = XCBuildConfiguration;
			baseConfigurationReference = D20D58408847662D9A55A672 /* Pods-R2V.debug.xcconfig */;
			buildSettings = {
				ASSETCATALOG_COMPILER_APPICON_NAME = AppIcon;
				CLANG_ENABLE_MODULES = YES;
				CODE_SIGN_ENTITLEMENTS = R2V/R2V.entitlements;
				CURRENT_PROJECT_VERSION = 1;
				ENABLE_BITCODE = NO;
				GCC_PREPROCESSOR_DEFINITIONS = (
					"$(inherited)",
					"FB_SONARKIT_ENABLED=1",
				);
				INFOPLIST_FILE = R2V/Info.plist;
				IPHONEOS_DEPLOYMENT_TARGET = 15.1;
				LD_RUNPATH_SEARCH_PATHS = (
					"$(inherited)",
					"@executable_path/Frameworks",
				);
				MARKETING_VERSION = 1.0;
				OTHER_LDFLAGS = (
					"$(inherited)",
					"-ObjC",
					"-lc++",
				);
				OTHER_SWIFT_FLAGS = "$(inherited) -D EXPO_CONFIGURATION_DEBUG";
				PRODUCT_BUNDLE_IDENTIFIER = com.kucial.v2ex;
				PRODUCT_NAME = R2V;
				SWIFT_OBJC_BRIDGING_HEADER = "R2V/R2V-Bridging-Header.h";
				SWIFT_OPTIMIZATION_LEVEL = "-Onone";
				SWIFT_VERSION = 5.0;
				TARGETED_DEVICE_FAMILY = "1,2";
				VERSIONING_SYSTEM = "apple-generic";
			};
			name = Debug;
		};
		13B07F951A680F5B00A75B9A /* Release */ = {
			isa = XCBuildConfiguration;
			baseConfigurationReference = 2139CD6D4BAC264DC4B9BB52 /* Pods-R2V.release.xcconfig */;
			buildSettings = {
				ASSETCATALOG_COMPILER_APPICON_NAME = AppIcon;
				CLANG_ENABLE_MODULES = YES;
				CODE_SIGN_ENTITLEMENTS = R2V/R2V.entitlements;
				CURRENT_PROJECT_VERSION = 1;
				INFOPLIST_FILE = R2V/Info.plist;
				IPHONEOS_DEPLOYMENT_TARGET = 15.1;
				LD_RUNPATH_SEARCH_PATHS = (
					"$(inherited)",
					"@executable_path/Frameworks",
				);
				MARKETING_VERSION = 1.0;
				OTHER_LDFLAGS = (
					"$(inherited)",
					"-ObjC",
					"-lc++",
				);
				OTHER_SWIFT_FLAGS = "$(inherited) -D EXPO_CONFIGURATION_RELEASE";
				PRODUCT_BUNDLE_IDENTIFIER = com.kucial.v2ex;
				PRODUCT_NAME = R2V;
				SWIFT_OBJC_BRIDGING_HEADER = "R2V/R2V-Bridging-Header.h";
				SWIFT_VERSION = 5.0;
				TARGETED_DEVICE_FAMILY = "1,2";
				VERSIONING_SYSTEM = "apple-generic";
			};
			name = Release;
		};
		83CBBA201A601CBA00E9B192 /* Debug */ = {
			isa = XCBuildConfiguration;
			buildSettings = {
				ALWAYS_SEARCH_USER_PATHS = NO;
				CLANG_ANALYZER_LOCALIZABILITY_NONLOCALIZED = YES;
				CLANG_CXX_LANGUAGE_STANDARD = "c++20";
				CLANG_CXX_LIBRARY = "libc++";
				CLANG_ENABLE_MODULES = YES;
				CLANG_ENABLE_OBJC_ARC = YES;
				CLANG_WARN_BLOCK_CAPTURE_AUTORELEASING = YES;
				CLANG_WARN_BOOL_CONVERSION = YES;
				CLANG_WARN_COMMA = YES;
				CLANG_WARN_CONSTANT_CONVERSION = YES;
				CLANG_WARN_DEPRECATED_OBJC_IMPLEMENTATIONS = YES;
				CLANG_WARN_DIRECT_OBJC_ISA_USAGE = YES_ERROR;
				CLANG_WARN_EMPTY_BODY = YES;
				CLANG_WARN_ENUM_CONVERSION = YES;
				CLANG_WARN_INFINITE_RECURSION = YES;
				CLANG_WARN_INT_CONVERSION = YES;
				CLANG_WARN_NON_LITERAL_NULL_CONVERSION = YES;
				CLANG_WARN_OBJC_IMPLICIT_RETAIN_SELF = YES;
				CLANG_WARN_OBJC_LITERAL_CONVERSION = YES;
				CLANG_WARN_OBJC_ROOT_CLASS = YES_ERROR;
				CLANG_WARN_RANGE_LOOP_ANALYSIS = YES;
				CLANG_WARN_STRICT_PROTOTYPES = YES;
				CLANG_WARN_SUSPICIOUS_MOVE = YES;
				CLANG_WARN_UNREACHABLE_CODE = YES;
				CLANG_WARN__DUPLICATE_METHOD_MATCH = YES;
				"CODE_SIGN_IDENTITY[sdk=iphoneos*]" = "iPhone Developer";
				COPY_PHASE_STRIP = NO;
				ENABLE_STRICT_OBJC_MSGSEND = YES;
				ENABLE_TESTABILITY = YES;
				GCC_C_LANGUAGE_STANDARD = gnu99;
				GCC_DYNAMIC_NO_PIC = NO;
				GCC_NO_COMMON_BLOCKS = YES;
				GCC_OPTIMIZATION_LEVEL = 0;
				GCC_PREPROCESSOR_DEFINITIONS = (
					"DEBUG=1",
					"$(inherited)",
				);
				GCC_SYMBOLS_PRIVATE_EXTERN = NO;
				GCC_WARN_64_TO_32_BIT_CONVERSION = YES;
				GCC_WARN_ABOUT_RETURN_TYPE = YES_ERROR;
				GCC_WARN_UNDECLARED_SELECTOR = YES;
				GCC_WARN_UNINITIALIZED_AUTOS = YES_AGGRESSIVE;
				GCC_WARN_UNUSED_FUNCTION = YES;
				GCC_WARN_UNUSED_VARIABLE = YES;
				IPHONEOS_DEPLOYMENT_TARGET = 15.1;
				LD_RUNPATH_SEARCH_PATHS = (
					/usr/lib/swift,
					"$(inherited)",
				);
				LIBRARY_SEARCH_PATHS = "$(SDKROOT)/usr/lib/swift\"$(inherited)\"";
				MTL_ENABLE_DEBUG_INFO = YES;
				ONLY_ACTIVE_ARCH = YES;
				REACT_NATIVE_PATH = "${PODS_ROOT}/../../node_modules/react-native";
				SDKROOT = iphoneos;
				SWIFT_ACTIVE_COMPILATION_CONDITIONS = "$(inherited) DEBUG";
				SWIFT_ENABLE_EXPLICIT_MODULES = NO;
				USE_HERMES = true;
			};
			name = Debug;
		};
		83CBBA211A601CBA00E9B192 /* Release */ = {
			isa = XCBuildConfiguration;
			buildSettings = {
				ALWAYS_SEARCH_USER_PATHS = NO;
				CLANG_ANALYZER_LOCALIZABILITY_NONLOCALIZED = YES;
				CLANG_CXX_LANGUAGE_STANDARD = "c++20";
				CLANG_CXX_LIBRARY = "libc++";
				CLANG_ENABLE_MODULES = YES;
				CLANG_ENABLE_OBJC_ARC = YES;
				CLANG_WARN_BLOCK_CAPTURE_AUTORELEASING = YES;
				CLANG_WARN_BOOL_CONVERSION = YES;
				CLANG_WARN_COMMA = YES;
				CLANG_WARN_CONSTANT_CONVERSION = YES;
				CLANG_WARN_DEPRECATED_OBJC_IMPLEMENTATIONS = YES;
				CLANG_WARN_DIRECT_OBJC_ISA_USAGE = YES_ERROR;
				CLANG_WARN_EMPTY_BODY = YES;
				CLANG_WARN_ENUM_CONVERSION = YES;
				CLANG_WARN_INFINITE_RECURSION = YES;
				CLANG_WARN_INT_CONVERSION = YES;
				CLANG_WARN_NON_LITERAL_NULL_CONVERSION = YES;
				CLANG_WARN_OBJC_IMPLICIT_RETAIN_SELF = YES;
				CLANG_WARN_OBJC_LITERAL_CONVERSION = YES;
				CLANG_WARN_OBJC_ROOT_CLASS = YES_ERROR;
				CLANG_WARN_RANGE_LOOP_ANALYSIS = YES;
				CLANG_WARN_STRICT_PROTOTYPES = YES;
				CLANG_WARN_SUSPICIOUS_MOVE = YES;
				CLANG_WARN_UNREACHABLE_CODE = YES;
				CLANG_WARN__DUPLICATE_METHOD_MATCH = YES;
				"CODE_SIGN_IDENTITY[sdk=iphoneos*]" = "iPhone Developer";
				COPY_PHASE_STRIP = YES;
				ENABLE_NS_ASSERTIONS = NO;
				ENABLE_STRICT_OBJC_MSGSEND = YES;
				GCC_C_LANGUAGE_STANDARD = gnu99;
				GCC_NO_COMMON_BLOCKS = YES;
				GCC_WARN_64_TO_32_BIT_CONVERSION = YES;
				GCC_WARN_ABOUT_RETURN_TYPE = YES_ERROR;
				GCC_WARN_UNDECLARED_SELECTOR = YES;
				GCC_WARN_UNINITIALIZED_AUTOS = YES_AGGRESSIVE;
				GCC_WARN_UNUSED_FUNCTION = YES;
				GCC_WARN_UNUSED_VARIABLE = YES;
				IPHONEOS_DEPLOYMENT_TARGET = 15.1;
				LD_RUNPATH_SEARCH_PATHS = (
					/usr/lib/swift,
					"$(inherited)",
				);
				LIBRARY_SEARCH_PATHS = "$(SDKROOT)/usr/lib/swift\"$(inherited)\"";
				MTL_ENABLE_DEBUG_INFO = NO;
				REACT_NATIVE_PATH = "${PODS_ROOT}/../../node_modules/react-native";
				SDKROOT = iphoneos;
				SWIFT_ENABLE_EXPLICIT_MODULES = NO;
				USE_HERMES = true;
				VALIDATE_PRODUCT = YES;
			};
			name = Release;
		};
/* End XCBuildConfiguration section */

/* Begin XCConfigurationList section */
		13B07F931A680F5B00A75B9A /* Build configuration list for PBXNativeTarget "R2V" */ = {
			isa = XCConfigurationList;
			buildConfigurations = (
				13B07F941A680F5B00A75B9A /* Debug */,
				13B07F951A680F5B00A75B9A /* Release */,
			);
			defaultConfigurationIsVisible = 0;
			defaultConfigurationName = Release;
		};
		83CBB9FA1A601CBA00E9B192 /* Build configuration list for PBXProject "R2V" */ = {
			isa = XCConfigurationList;
			buildConfigurations = (
				83CBBA201A601CBA00E9B192 /* Debug */,
				83CBBA211A601CBA00E9B192 /* Release */,
			);
			defaultConfigurationIsVisible = 0;
			defaultConfigurationName = Release;
		};
/* End XCConfigurationList section */
	};
	rootObject = 83CBB9F71A601CBA00E9B192 /* Project object */;
}
