// !$*UTF8*$!
{
	archiveVersion = 1;
	classes = {
	};
	objectVersion = 46;
	objects = {

/* Begin PBXBuildFile section */
		0120D53280B24851A386623B /* gin_purple_dark-Icon-$60x60@3x~ipad.png in Resources */ = {isa = PBXBuildFile; fileRef = C8EA8517F6FA4DFD94EC32B6 /* gin_purple_dark-Icon-$60x60@3x~ipad.png */; };
		032F97EB015346A390FE7350 /* gin_red_dark-Icon-$60x60@2x~ipad.png in Resources */ = {isa = PBXBuildFile; fileRef = 41BBEAC594024BA3B8A7FEF8 /* gin_red_dark-Icon-$60x60@2x~ipad.png */; };
		089C8399626F42D1BB789D98 /* gin_dark_purple_dark-Icon-$60x60@3x.png in Resources */ = {isa = PBXBuildFile; fileRef = E37909C705F54EC99816BF03 /* gin_dark_purple_dark-Icon-$60x60@3x.png */; };
		0B30D78B8F004053A2EBDDD4 /* gin_red_light-Icon-$60x60@3x~ipad.png in Resources */ = {isa = PBXBuildFile; fileRef = 9AE30F12F8B34A38B553BD97 /* gin_red_light-Icon-$60x60@3x~ipad.png */; };
		0C1AA74863274A428A043D4C /* gin_blue_dark-Icon-$60x60@2x.png in Resources */ = {isa = PBXBuildFile; fileRef = 0C9F42DD0C894134B33F0123 /* gin_blue_dark-Icon-$60x60@2x.png */; };
		13B07FBC1A68108700A75B9A /* AppDelegate.mm in Sources */ = {isa = PBXBuildFile; fileRef = 13B07FB01A68108700A75B9A /* AppDelegate.mm */; };
		13B07FBF1A68108700A75B9A /* Images.xcassets in Resources */ = {isa = PBXBuildFile; fileRef = 13B07FB51A68108700A75B9A /* Images.xcassets */; };
		13B07FC11A68108700A75B9A /* main.m in Sources */ = {isa = PBXBuildFile; fileRef = 13B07FB71A68108700A75B9A /* main.m */; };
		13FE70D8B7FE4068B5981748 /* gin_purple_light-Icon-$60x60@3x.png in Resources */ = {isa = PBXBuildFile; fileRef = D31B09A723314CDE9E5C18C4 /* gin_purple_light-Icon-$60x60@3x.png */; };
		15D02286C49F49789CF7F042 /* gin_green_dark-Icon-$60x60@2x.png in Resources */ = {isa = PBXBuildFile; fileRef = EB163E0027584A95BDCFB39F /* gin_green_dark-Icon-$60x60@2x.png */; };
		1C593595D66C47B08B052D42 /* gin_pink_dark-Icon-$60x60@3x~ipad.png in Resources */ = {isa = PBXBuildFile; fileRef = BE2A3B5D51CD4158A9EF70DB /* gin_pink_dark-Icon-$60x60@3x~ipad.png */; };
		1D71A04C999B49559B975885 /* r2v_dark-Icon-$60x60@2x~ipad.png in Resources */ = {isa = PBXBuildFile; fileRef = BC02453181764A8A92A98C4F /* r2v_dark-Icon-$60x60@2x~ipad.png */; };
		1E65CA146A604141BEEA8AA3 /* gin_pink_light-Icon-$60x60@3x~ipad.png in Resources */ = {isa = PBXBuildFile; fileRef = 45E4321B506B4207BDA95589 /* gin_pink_light-Icon-$60x60@3x~ipad.png */; };
		25AD9DFCC03546F19800E811 /* gin_teal_light-Icon-$60x60@3x.png in Resources */ = {isa = PBXBuildFile; fileRef = FC786B1632B24782B91C96FA /* gin_teal_light-Icon-$60x60@3x.png */; };
		2ADC68FAE6B345EC8BB5EAE4 /* gin_pink_light-Icon-$60x60@2x~ipad.png in Resources */ = {isa = PBXBuildFile; fileRef = 421B734FEFA048E7AFB5D381 /* gin_pink_light-Icon-$60x60@2x~ipad.png */; };
		2D4F080B25B14FC2ADB12341 /* gin_blue_dark-Icon-$60x60@2x~ipad.png in Resources */ = {isa = PBXBuildFile; fileRef = 9DC8661C89DD4D13A6C14321 /* gin_blue_dark-Icon-$60x60@2x~ipad.png */; };
		30C8C79F7F0F42649427F9B2 /* gin_teal_dark-Icon-$60x60@2x.png in Resources */ = {isa = PBXBuildFile; fileRef = 35D8F995BBB640FC9E844D2F /* gin_teal_dark-Icon-$60x60@2x.png */; };
		32187D7676524157B8B6F645 /* r2v_light-Icon-$60x60@3x.png in Resources */ = {isa = PBXBuildFile; fileRef = CEB1AEF9BAD44D389405EE9D /* r2v_light-Icon-$60x60@3x.png */; };
		3E461D99554A48A4959DE609 /* SplashScreen.storyboard in Resources */ = {isa = PBXBuildFile; fileRef = AA286B85B6C04FC6940260E9 /* SplashScreen.storyboard */; };
		4133B55009044F25A872DFB3 /* r2v_light-Icon-$60x60@2x~ipad.png in Resources */ = {isa = PBXBuildFile; fileRef = B4919B61671B47F98CB41F90 /* r2v_light-Icon-$60x60@2x~ipad.png */; };
		4155552B80094243A06FA490 /* gin_teal_light-Icon-$60x60@2x~ipad.png in Resources */ = {isa = PBXBuildFile; fileRef = D302ACCEC76642B3836E4F5F /* gin_teal_light-Icon-$60x60@2x~ipad.png */; };
		4273046666494D9A958F8236 /* gin_yellow_dark-Icon-$60x60@3x~ipad.png in Resources */ = {isa = PBXBuildFile; fileRef = C879AEC4924947F1BD7DF92A /* gin_yellow_dark-Icon-$60x60@3x~ipad.png */; };
		547BB7B5C5F94CBEAA3F64E1 /* gin_pink_light-Icon-$60x60@3x.png in Resources */ = {isa = PBXBuildFile; fileRef = 12074005967B4C3897E25B42 /* gin_pink_light-Icon-$60x60@3x.png */; };
		54CE214882FF471DA6C487AB /* gin_green_light-Icon-$60x60@2x~ipad.png in Resources */ = {isa = PBXBuildFile; fileRef = D2114ED33D414F6BA45D185C /* gin_green_light-Icon-$60x60@2x~ipad.png */; };
		5661E7DFBA464B528119CCB8 /* r2v_dark-Icon-$60x60@2x.png in Resources */ = {isa = PBXBuildFile; fileRef = 2EA3E6F45690418F984707F2 /* r2v_dark-Icon-$60x60@2x.png */; };
		5C43CCC2EE9544F6B146B853 /* gin_dark_purple_light-Icon-$60x60@3x~ipad.png in Resources */ = {isa = PBXBuildFile; fileRef = 0680B33EC7C24E59BA5F6AA5 /* gin_dark_purple_light-Icon-$60x60@3x~ipad.png */; };
		5C5B1418E8A043C49C9A4AA1 /* gin_green_light-Icon-$60x60@3x~ipad.png in Resources */ = {isa = PBXBuildFile; fileRef = E0B165D22907439BBE728A01 /* gin_green_light-Icon-$60x60@3x~ipad.png */; };
		5D8ED40943B34EA7B8D3BF5D /* gin_teal_light-Icon-$60x60@3x~ipad.png in Resources */ = {isa = PBXBuildFile; fileRef = D4C70F889F9F42AB9E044722 /* gin_teal_light-Icon-$60x60@3x~ipad.png */; };
		5EBD946397D4499895AC75E4 /* gin_yellow_dark-Icon-$60x60@3x.png in Resources */ = {isa = PBXBuildFile; fileRef = C619E3F608654D79A8FF10B2 /* gin_yellow_dark-Icon-$60x60@3x.png */; };
		5FDDFF93F05048F79ADCF535 /* gin_dark_purple_dark-Icon-$60x60@3x~ipad.png in Resources */ = {isa = PBXBuildFile; fileRef = 7367ABF6B7A24D0E99B1CB1C /* gin_dark_purple_dark-Icon-$60x60@3x~ipad.png */; };
		60A259AC05944D50B8361576 /* gin_yellow_light-Icon-$60x60@2x.png in Resources */ = {isa = PBXBuildFile; fileRef = 52B3A6F92BA542D9A1A16E4C /* gin_yellow_light-Icon-$60x60@2x.png */; };
		6442888C9ED646B8939CA4B0 /* gin_blue_light-Icon-$60x60@3x~ipad.png in Resources */ = {isa = PBXBuildFile; fileRef = F45352C9D61647FD9A8322E4 /* gin_blue_light-Icon-$60x60@3x~ipad.png */; };
		664CDD333D144452A3D4E37A /* gin_blue_light-Icon-$60x60@3x.png in Resources */ = {isa = PBXBuildFile; fileRef = 3300C81CE2AD4B17B07BB4A3 /* gin_blue_light-Icon-$60x60@3x.png */; };
		679A7D9CC7A743F58C4F00A6 /* noop-file.swift in Sources */ = {isa = PBXBuildFile; fileRef = 01B59DFCB28442C6BD03706F /* noop-file.swift */; };
		68D2024B734E4D7B935C0FAF /* gin_yellow_dark-Icon-$60x60@2x~ipad.png in Resources */ = {isa = PBXBuildFile; fileRef = AA4638CD40AE40CDAFE7F45E /* gin_yellow_dark-Icon-$60x60@2x~ipad.png */; };
		690355F048014232AFED593B /* gin_dark_purple_light-Icon-$60x60@2x.png in Resources */ = {isa = PBXBuildFile; fileRef = A542320F45E0432EBFFD55FA /* gin_dark_purple_light-Icon-$60x60@2x.png */; };
		6AF277EAA18C48C1A1B29147 /* gin_pink_light-Icon-$60x60@2x.png in Resources */ = {isa = PBXBuildFile; fileRef = A0A2A9C905B44803A7E1C383 /* gin_pink_light-Icon-$60x60@2x.png */; };
		6CA2AF9CB3F84904BFB58D6F /* gin_red_light-Icon-$60x60@2x~ipad.png in Resources */ = {isa = PBXBuildFile; fileRef = 16E191E55BB44E8AB72D45FC /* gin_red_light-Icon-$60x60@2x~ipad.png */; };
		6D1E6AC290EC4174B3C61772 /* gin_teal_dark-Icon-$60x60@3x~ipad.png in Resources */ = {isa = PBXBuildFile; fileRef = B8559C9941A04016AB8AB96E /* gin_teal_dark-Icon-$60x60@3x~ipad.png */; };
		6EF44848726A4999ABD1BC66 /* gin_green_light-Icon-$60x60@3x.png in Resources */ = {isa = PBXBuildFile; fileRef = 1E9DF2479264429E8C35DF75 /* gin_green_light-Icon-$60x60@3x.png */; };
		70CF089C2C7B4B43972F3736 /* gin_blue_dark-Icon-$60x60@3x.png in Resources */ = {isa = PBXBuildFile; fileRef = 4D16E91607854618B7A07FD9 /* gin_blue_dark-Icon-$60x60@3x.png */; };
		726586C6057C46CF8A43F45E /* gin_teal_dark-Icon-$60x60@3x.png in Resources */ = {isa = PBXBuildFile; fileRef = 1797067187584CC59D12892F /* gin_teal_dark-Icon-$60x60@3x.png */; };
		747F431B29F04DFFA248DAD0 /* gin_yellow_light-Icon-$60x60@3x~ipad.png in Resources */ = {isa = PBXBuildFile; fileRef = DC82DEE46D84493EAD9E6169 /* gin_yellow_light-Icon-$60x60@3x~ipad.png */; };
		7CECC68FCF404A7DB31BDCAE /* gin_yellow_light-Icon-$60x60@3x.png in Resources */ = {isa = PBXBuildFile; fileRef = 38E132B03ABA49B7B095A1D2 /* gin_yellow_light-Icon-$60x60@3x.png */; };
		7F5F2AB3F210413B824A0B92 /* gin_dark_purple_dark-Icon-$60x60@2x.png in Resources */ = {isa = PBXBuildFile; fileRef = C7B7F876FE9F439AB88D144B /* gin_dark_purple_dark-Icon-$60x60@2x.png */; };
		845258DEE49141B29F681F8A /* gin_blue_light-Icon-$60x60@2x~ipad.png in Resources */ = {isa = PBXBuildFile; fileRef = 85E939A2FEED4EF7952B4E57 /* gin_blue_light-Icon-$60x60@2x~ipad.png */; };
		8777390787D54320A444B6D3 /* gin_purple_dark-Icon-$60x60@2x.png in Resources */ = {isa = PBXBuildFile; fileRef = 5DEBF5129FD44E9CA5246FEB /* gin_purple_dark-Icon-$60x60@2x.png */; };
		8A97E2F14A344D9685D5562A /* r2v_light-Icon-$60x60@2x.png in Resources */ = {isa = PBXBuildFile; fileRef = FE74BB5CBE55452D8B95916E /* r2v_light-Icon-$60x60@2x.png */; };
		8B644BB5216146F68C478C12 /* r2v_dark-Icon-$60x60@3x~ipad.png in Resources */ = {isa = PBXBuildFile; fileRef = B984C463229E4854A671E47A /* r2v_dark-Icon-$60x60@3x~ipad.png */; };
		8B94597025044A3CB0C69FD4 /* gin_dark_purple_light-Icon-$60x60@3x.png in Resources */ = {isa = PBXBuildFile; fileRef = 15C65296DC0C47459CD7C996 /* gin_dark_purple_light-Icon-$60x60@3x.png */; };
		8C0FB761C9EA449E85D0C3E4 /* gin_green_light-Icon-$60x60@2x.png in Resources */ = {isa = PBXBuildFile; fileRef = 9F3B3C5D6A85411A8DCD6EF0 /* gin_green_light-Icon-$60x60@2x.png */; };
		8D5AC6F4CE3A420A9BFCCCEA /* gin_green_dark-Icon-$60x60@2x~ipad.png in Resources */ = {isa = PBXBuildFile; fileRef = 8F08ABF4F7CE4DA8B830BC22 /* gin_green_dark-Icon-$60x60@2x~ipad.png */; };
		8D7E56A7D4644079A12BD2B8 /* gin_purple_light-Icon-$60x60@3x~ipad.png in Resources */ = {isa = PBXBuildFile; fileRef = 746804CDD680437D880D3E08 /* gin_purple_light-Icon-$60x60@3x~ipad.png */; };
		927ED05B70FD4EBDAC953073 /* gin_yellow_light-Icon-$60x60@2x~ipad.png in Resources */ = {isa = PBXBuildFile; fileRef = CEA7758865694D9A8ADCA19E /* gin_yellow_light-Icon-$60x60@2x~ipad.png */; };
		935C6526F0A24944A7849528 /* gin_pink_dark-Icon-$60x60@2x~ipad.png in Resources */ = {isa = PBXBuildFile; fileRef = 3E883860CD1640BC9C74DD07 /* gin_pink_dark-Icon-$60x60@2x~ipad.png */; };
		96905EF65AED1B983A6B3ABC /* libPods-R2V.a in Frameworks */ = {isa = PBXBuildFile; fileRef = 58EEBF8E8E6FB1BC6CAF49B5 /* libPods-R2V.a */; };
		96B9FCA48B1E45D9A6D7DDE3 /* gin_purple_light-Icon-$60x60@2x.png in Resources */ = {isa = PBXBuildFile; fileRef = EBBF145FC84D44ADA032F9E9 /* gin_purple_light-Icon-$60x60@2x.png */; };
		9B75E16A1EF54642BF7F6B31 /* gin_red_dark-Icon-$60x60@3x.png in Resources */ = {isa = PBXBuildFile; fileRef = 5A2C3F5339574A5D962704C3 /* gin_red_dark-Icon-$60x60@3x.png */; };
		9BC1D64586BF42FBB14C8FCA /* gin_orange_light-Icon-$60x60@3x.png in Resources */ = {isa = PBXBuildFile; fileRef = 451046AF377043F8B961CB7D /* gin_orange_light-Icon-$60x60@3x.png */; };
		9D945A5CA5DD4E9C85F6B503 /* r2v_light-Icon-$60x60@3x~ipad.png in Resources */ = {isa = PBXBuildFile; fileRef = F9EFC76F825B451CB6AC32C6 /* r2v_light-Icon-$60x60@3x~ipad.png */; };
		9FAF8347DED84A3196620D2B /* gin_blue_light-Icon-$60x60@2x.png in Resources */ = {isa = PBXBuildFile; fileRef = 500146519D574444B6840476 /* gin_blue_light-Icon-$60x60@2x.png */; };
		A2AD8934B82C4C70909626CD /* gin_green_dark-Icon-$60x60@3x.png in Resources */ = {isa = PBXBuildFile; fileRef = A88B953A795D4B2CAE98B482 /* gin_green_dark-Icon-$60x60@3x.png */; };
		A408DFAEC5F044C3B0F7661E /* gin_orange_dark-Icon-$60x60@2x~ipad.png in Resources */ = {isa = PBXBuildFile; fileRef = 00D12AD6BBCE4858BB94E3EB /* gin_orange_dark-Icon-$60x60@2x~ipad.png */; };
		A98617C9A9C54A7AB4BAED1A /* r2v_dark-Icon-$60x60@3x.png in Resources */ = {isa = PBXBuildFile; fileRef = 80634F65B7FD4D9ABA49DF18 /* r2v_dark-Icon-$60x60@3x.png */; };
		AA6FEF9C1F4BAA94BDDA6F3E /* PrivacyInfo.xcprivacy in Resources */ = {isa = PBXBuildFile; fileRef = 20A99727DC0A8BCC6FA23551 /* PrivacyInfo.xcprivacy */; };
		B1383A666571447FA9FF7DA6 /* gin_pink_dark-Icon-$60x60@3x.png in Resources */ = {isa = PBXBuildFile; fileRef = 44B7490395FD427D9E324FF7 /* gin_pink_dark-Icon-$60x60@3x.png */; };
		B18059E884C0ABDD17F3DC3D /* ExpoModulesProvider.swift in Sources */ = {isa = PBXBuildFile; fileRef = FAC715A2D49A985799AEE119 /* ExpoModulesProvider.swift */; };
		B81F59F5BE4246228098B39F /* gin_orange_dark-Icon-$60x60@2x.png in Resources */ = {isa = PBXBuildFile; fileRef = 00476127675848E99DD16025 /* gin_orange_dark-Icon-$60x60@2x.png */; };
		BB2F792D24A3F905000567C9 /* Expo.plist in Resources */ = {isa = PBXBuildFile; fileRef = BB2F792C24A3F905000567C9 /* Expo.plist */; };
		BDF2E69E80804407BEFE8EB6 /* gin_purple_dark-Icon-$60x60@2x~ipad.png in Resources */ = {isa = PBXBuildFile; fileRef = E05FA92928354DCD9AAA5EA1 /* gin_purple_dark-Icon-$60x60@2x~ipad.png */; };
		BDFD19BE98FB4ADFB7970E7B /* gin_dark_purple_light-Icon-$60x60@2x~ipad.png in Resources */ = {isa = PBXBuildFile; fileRef = 8722F4ADE2874FF7A6C7E331 /* gin_dark_purple_light-Icon-$60x60@2x~ipad.png */; };
		C1A2D338D33E47E4B33CDBC9 /* gin_orange_light-Icon-$60x60@2x.png in Resources */ = {isa = PBXBuildFile; fileRef = B15821D59E8D46FB96D20405 /* gin_orange_light-Icon-$60x60@2x.png */; };
		C2BC632D90B9440889E08DF4 /* gin_pink_dark-Icon-$60x60@2x.png in Resources */ = {isa = PBXBuildFile; fileRef = E81AD874F9F14253882CD901 /* gin_pink_dark-Icon-$60x60@2x.png */; };
		C810F02A2B294663B269E7AB /* gin_green_dark-Icon-$60x60@3x~ipad.png in Resources */ = {isa = PBXBuildFile; fileRef = EC92D8E4536B455D9CE898A3 /* gin_green_dark-Icon-$60x60@3x~ipad.png */; };
		CCDC7E7BB24443D6A73AF371 /* gin_red_light-Icon-$60x60@3x.png in Resources */ = {isa = PBXBuildFile; fileRef = 92FB9121C2D24A3BBD521802 /* gin_red_light-Icon-$60x60@3x.png */; };
		D3877ED67D1C4D8CBCC525AC /* gin_dark_purple_dark-Icon-$60x60@2x~ipad.png in Resources */ = {isa = PBXBuildFile; fileRef = B89CB63DEA6340A9A3B5A9B4 /* gin_dark_purple_dark-Icon-$60x60@2x~ipad.png */; };
		D6723F18D18B41F488DBFEA4 /* gin_red_light-Icon-$60x60@2x.png in Resources */ = {isa = PBXBuildFile; fileRef = C4120D6EEEE949AA92D5B8A2 /* gin_red_light-Icon-$60x60@2x.png */; };
		D792DCE1E73C4905A3B2FC7C /* gin_red_dark-Icon-$60x60@2x.png in Resources */ = {isa = PBXBuildFile; fileRef = FA26D6D77E4B4FC49976266C /* gin_red_dark-Icon-$60x60@2x.png */; };
		D8151D6E05AF4762BDBEF151 /* gin_teal_light-Icon-$60x60@2x.png in Resources */ = {isa = PBXBuildFile; fileRef = 4AA6E460C2154EE5B290CCEA /* gin_teal_light-Icon-$60x60@2x.png */; };
		DBCFD1A0C16447228EC87A0F /* gin_teal_dark-Icon-$60x60@2x~ipad.png in Resources */ = {isa = PBXBuildFile; fileRef = C67476A9EDC34FD8BD17C40C /* gin_teal_dark-Icon-$60x60@2x~ipad.png */; };
		DBF47E147DC14ADC98403451 /* gin_orange_dark-Icon-$60x60@3x~ipad.png in Resources */ = {isa = PBXBuildFile; fileRef = 4D884612AFF5429AA50F1E8C /* gin_orange_dark-Icon-$60x60@3x~ipad.png */; };
		E7B84A7F6F224E9E91891A84 /* gin_purple_dark-Icon-$60x60@3x.png in Resources */ = {isa = PBXBuildFile; fileRef = 880CD0E033E94755AB907E1C /* gin_purple_dark-Icon-$60x60@3x.png */; };
		E88AC557635F4533A1208CD2 /* gin_orange_light-Icon-$60x60@3x~ipad.png in Resources */ = {isa = PBXBuildFile; fileRef = 7B56CA991D4B4F0DA41E0EB4 /* gin_orange_light-Icon-$60x60@3x~ipad.png */; };
		EFA19A05E23F4973B0719F9F /* gin_orange_dark-Icon-$60x60@3x.png in Resources */ = {isa = PBXBuildFile; fileRef = 6A526A140A0E4745B1E20580 /* gin_orange_dark-Icon-$60x60@3x.png */; };
		F1129F5B9C0E4D1D881DEF17 /* gin_blue_dark-Icon-$60x60@3x~ipad.png in Resources */ = {isa = PBXBuildFile; fileRef = BBE09E0DF58941BCA8C4F794 /* gin_blue_dark-Icon-$60x60@3x~ipad.png */; };
		F1F36056C18444A2A5E21B61 /* gin_purple_light-Icon-$60x60@2x~ipad.png in Resources */ = {isa = PBXBuildFile; fileRef = 717D593DF25644328E7C4DB9 /* gin_purple_light-Icon-$60x60@2x~ipad.png */; };
		F201C6C75D604F5482CBDCE7 /* gin_yellow_dark-Icon-$60x60@2x.png in Resources */ = {isa = PBXBuildFile; fileRef = E719F34D1FA14DE1B151E66A /* gin_yellow_dark-Icon-$60x60@2x.png */; };
		F482DE2DA24845DE8DD66506 /* gin_orange_light-Icon-$60x60@2x~ipad.png in Resources */ = {isa = PBXBuildFile; fileRef = A6A731BBF1CF4D85968D9AAE /* gin_orange_light-Icon-$60x60@2x~ipad.png */; };
		FBA76C72511145609709EBC2 /* gin_red_dark-Icon-$60x60@3x~ipad.png in Resources */ = {isa = PBXBuildFile; fileRef = 2EB05103FE46480BAD534323 /* gin_red_dark-Icon-$60x60@3x~ipad.png */; };
/* End PBXBuildFile section */

/* Begin PBXFileReference section */
		00476127675848E99DD16025 /* gin_orange_dark-Icon-$60x60@2x.png */ = {isa = PBXFileReference; explicitFileType = undefined; fileEncoding = undefined; includeInIndex = 0; lastKnownFileType = unknown; name = "gin_orange_dark-Icon-$60x60@2x.png"; path = "R2V/DynamicAppIcons/gin_orange_dark-Icon-$60x60@2x.png"; sourceTree = "<group>"; };
		00D12AD6BBCE4858BB94E3EB /* gin_orange_dark-Icon-$60x60@2x~ipad.png */ = {isa = PBXFileReference; explicitFileType = undefined; fileEncoding = undefined; includeInIndex = 0; lastKnownFileType = unknown; name = "gin_orange_dark-Icon-$60x60@2x~ipad.png"; path = "R2V/DynamicAppIcons/gin_orange_dark-Icon-$60x60@2x~ipad.png"; sourceTree = "<group>"; };
		01B59DFCB28442C6BD03706F /* noop-file.swift */ = {isa = PBXFileReference; explicitFileType = undefined; fileEncoding = 4; includeInIndex = 0; lastKnownFileType = sourcecode.swift; name = "noop-file.swift"; path = "R2V/noop-file.swift"; sourceTree = "<group>"; };
		0680B33EC7C24E59BA5F6AA5 /* gin_dark_purple_light-Icon-$60x60@3x~ipad.png */ = {isa = PBXFileReference; explicitFileType = undefined; fileEncoding = undefined; includeInIndex = 0; lastKnownFileType = unknown; name = "gin_dark_purple_light-Icon-$60x60@3x~ipad.png"; path = "R2V/DynamicAppIcons/gin_dark_purple_light-Icon-$60x60@3x~ipad.png"; sourceTree = "<group>"; };
		0C9F42DD0C894134B33F0123 /* gin_blue_dark-Icon-$60x60@2x.png */ = {isa = PBXFileReference; explicitFileType = undefined; fileEncoding = undefined; includeInIndex = 0; lastKnownFileType = unknown; name = "gin_blue_dark-Icon-$60x60@2x.png"; path = "R2V/DynamicAppIcons/gin_blue_dark-Icon-$60x60@2x.png"; sourceTree = "<group>"; };
		12074005967B4C3897E25B42 /* gin_pink_light-Icon-$60x60@3x.png */ = {isa = PBXFileReference; explicitFileType = undefined; fileEncoding = undefined; includeInIndex = 0; lastKnownFileType = unknown; name = "gin_pink_light-Icon-$60x60@3x.png"; path = "R2V/DynamicAppIcons/gin_pink_light-Icon-$60x60@3x.png"; sourceTree = "<group>"; };
		13B07F961A680F5B00A75B9A /* R2V.app */ = {isa = PBXFileReference; explicitFileType = wrapper.application; includeInIndex = 0; path = R2V.app; sourceTree = BUILT_PRODUCTS_DIR; };
		13B07FAF1A68108700A75B9A /* AppDelegate.h */ = {isa = PBXFileReference; fileEncoding = 4; lastKnownFileType = sourcecode.c.h; name = AppDelegate.h; path = R2V/AppDelegate.h; sourceTree = "<group>"; };
		13B07FB01A68108700A75B9A /* AppDelegate.mm */ = {isa = PBXFileReference; fileEncoding = 4; lastKnownFileType = sourcecode.cpp.objcpp; name = AppDelegate.mm; path = R2V/AppDelegate.mm; sourceTree = "<group>"; };
		13B07FB51A68108700A75B9A /* Images.xcassets */ = {isa = PBXFileReference; lastKnownFileType = folder.assetcatalog; name = Images.xcassets; path = R2V/Images.xcassets; sourceTree = "<group>"; };
		13B07FB61A68108700A75B9A /* Info.plist */ = {isa = PBXFileReference; fileEncoding = 4; lastKnownFileType = text.plist.xml; name = Info.plist; path = R2V/Info.plist; sourceTree = "<group>"; };
		13B07FB71A68108700A75B9A /* main.m */ = {isa = PBXFileReference; fileEncoding = 4; lastKnownFileType = sourcecode.c.objc; name = main.m; path = R2V/main.m; sourceTree = "<group>"; };
		15C65296DC0C47459CD7C996 /* gin_dark_purple_light-Icon-$60x60@3x.png */ = {isa = PBXFileReference; explicitFileType = undefined; fileEncoding = undefined; includeInIndex = 0; lastKnownFileType = unknown; name = "gin_dark_purple_light-Icon-$60x60@3x.png"; path = "R2V/DynamicAppIcons/gin_dark_purple_light-Icon-$60x60@3x.png"; sourceTree = "<group>"; };
		16E191E55BB44E8AB72D45FC /* gin_red_light-Icon-$60x60@2x~ipad.png */ = {isa = PBXFileReference; explicitFileType = undefined; fileEncoding = undefined; includeInIndex = 0; lastKnownFileType = unknown; name = "gin_red_light-Icon-$60x60@2x~ipad.png"; path = "R2V/DynamicAppIcons/gin_red_light-Icon-$60x60@2x~ipad.png"; sourceTree = "<group>"; };
		1797067187584CC59D12892F /* gin_teal_dark-Icon-$60x60@3x.png */ = {isa = PBXFileReference; explicitFileType = undefined; fileEncoding = undefined; includeInIndex = 0; lastKnownFileType = unknown; name = "gin_teal_dark-Icon-$60x60@3x.png"; path = "R2V/DynamicAppIcons/gin_teal_dark-Icon-$60x60@3x.png"; sourceTree = "<group>"; };
		1E9DF2479264429E8C35DF75 /* gin_green_light-Icon-$60x60@3x.png */ = {isa = PBXFileReference; explicitFileType = undefined; fileEncoding = undefined; includeInIndex = 0; lastKnownFileType = unknown; name = "gin_green_light-Icon-$60x60@3x.png"; path = "R2V/DynamicAppIcons/gin_green_light-Icon-$60x60@3x.png"; sourceTree = "<group>"; };
		20A99727DC0A8BCC6FA23551 /* PrivacyInfo.xcprivacy */ = {isa = PBXFileReference; includeInIndex = 1; name = PrivacyInfo.xcprivacy; path = R2V/PrivacyInfo.xcprivacy; sourceTree = "<group>"; };
		2EA3E6F45690418F984707F2 /* r2v_dark-Icon-$60x60@2x.png */ = {isa = PBXFileReference; explicitFileType = undefined; fileEncoding = undefined; includeInIndex = 0; lastKnownFileType = unknown; name = "r2v_dark-Icon-$60x60@2x.png"; path = "R2V/DynamicAppIcons/r2v_dark-Icon-$60x60@2x.png"; sourceTree = "<group>"; };
		2EB05103FE46480BAD534323 /* gin_red_dark-Icon-$60x60@3x~ipad.png */ = {isa = PBXFileReference; explicitFileType = undefined; fileEncoding = undefined; includeInIndex = 0; lastKnownFileType = unknown; name = "gin_red_dark-Icon-$60x60@3x~ipad.png"; path = "R2V/DynamicAppIcons/gin_red_dark-Icon-$60x60@3x~ipad.png"; sourceTree = "<group>"; };
		3300C81CE2AD4B17B07BB4A3 /* gin_blue_light-Icon-$60x60@3x.png */ = {isa = PBXFileReference; explicitFileType = undefined; fileEncoding = undefined; includeInIndex = 0; lastKnownFileType = unknown; name = "gin_blue_light-Icon-$60x60@3x.png"; path = "R2V/DynamicAppIcons/gin_blue_light-Icon-$60x60@3x.png"; sourceTree = "<group>"; };
		35D8F995BBB640FC9E844D2F /* gin_teal_dark-Icon-$60x60@2x.png */ = {isa = PBXFileReference; explicitFileType = undefined; fileEncoding = undefined; includeInIndex = 0; lastKnownFileType = unknown; name = "gin_teal_dark-Icon-$60x60@2x.png"; path = "R2V/DynamicAppIcons/gin_teal_dark-Icon-$60x60@2x.png"; sourceTree = "<group>"; };
		38E132B03ABA49B7B095A1D2 /* gin_yellow_light-Icon-$60x60@3x.png */ = {isa = PBXFileReference; explicitFileType = undefined; fileEncoding = undefined; includeInIndex = 0; lastKnownFileType = unknown; name = "gin_yellow_light-Icon-$60x60@3x.png"; path = "R2V/DynamicAppIcons/gin_yellow_light-Icon-$60x60@3x.png"; sourceTree = "<group>"; };
		3E883860CD1640BC9C74DD07 /* gin_pink_dark-Icon-$60x60@2x~ipad.png */ = {isa = PBXFileReference; explicitFileType = undefined; fileEncoding = undefined; includeInIndex = 0; lastKnownFileType = unknown; name = "gin_pink_dark-Icon-$60x60@2x~ipad.png"; path = "R2V/DynamicAppIcons/gin_pink_dark-Icon-$60x60@2x~ipad.png"; sourceTree = "<group>"; };
		41BBEAC594024BA3B8A7FEF8 /* gin_red_dark-Icon-$60x60@2x~ipad.png */ = {isa = PBXFileReference; explicitFileType = undefined; fileEncoding = undefined; includeInIndex = 0; lastKnownFileType = unknown; name = "gin_red_dark-Icon-$60x60@2x~ipad.png"; path = "R2V/DynamicAppIcons/gin_red_dark-Icon-$60x60@2x~ipad.png"; sourceTree = "<group>"; };
		421B734FEFA048E7AFB5D381 /* gin_pink_light-Icon-$60x60@2x~ipad.png */ = {isa = PBXFileReference; explicitFileType = undefined; fileEncoding = undefined; includeInIndex = 0; lastKnownFileType = unknown; name = "gin_pink_light-Icon-$60x60@2x~ipad.png"; path = "R2V/DynamicAppIcons/gin_pink_light-Icon-$60x60@2x~ipad.png"; sourceTree = "<group>"; };
		44B7490395FD427D9E324FF7 /* gin_pink_dark-Icon-$60x60@3x.png */ = {isa = PBXFileReference; explicitFileType = undefined; fileEncoding = undefined; includeInIndex = 0; lastKnownFileType = unknown; name = "gin_pink_dark-Icon-$60x60@3x.png"; path = "R2V/DynamicAppIcons/gin_pink_dark-Icon-$60x60@3x.png"; sourceTree = "<group>"; };
		451046AF377043F8B961CB7D /* gin_orange_light-Icon-$60x60@3x.png */ = {isa = PBXFileReference; explicitFileType = undefined; fileEncoding = undefined; includeInIndex = 0; lastKnownFileType = unknown; name = "gin_orange_light-Icon-$60x60@3x.png"; path = "R2V/DynamicAppIcons/gin_orange_light-Icon-$60x60@3x.png"; sourceTree = "<group>"; };
		45E4321B506B4207BDA95589 /* gin_pink_light-Icon-$60x60@3x~ipad.png */ = {isa = PBXFileReference; explicitFileType = undefined; fileEncoding = undefined; includeInIndex = 0; lastKnownFileType = unknown; name = "gin_pink_light-Icon-$60x60@3x~ipad.png"; path = "R2V/DynamicAppIcons/gin_pink_light-Icon-$60x60@3x~ipad.png"; sourceTree = "<group>"; };
		48082C65043E492DB06D1FBF /* R2V-Bridging-Header.h */ = {isa = PBXFileReference; explicitFileType = undefined; fileEncoding = 4; includeInIndex = 0; lastKnownFileType = sourcecode.c.h; name = "R2V-Bridging-Header.h"; path = "R2V/R2V-Bridging-Header.h"; sourceTree = "<group>"; };
		4AA6E460C2154EE5B290CCEA /* gin_teal_light-Icon-$60x60@2x.png */ = {isa = PBXFileReference; explicitFileType = undefined; fileEncoding = undefined; includeInIndex = 0; lastKnownFileType = unknown; name = "gin_teal_light-Icon-$60x60@2x.png"; path = "R2V/DynamicAppIcons/gin_teal_light-Icon-$60x60@2x.png"; sourceTree = "<group>"; };
		4D16E91607854618B7A07FD9 /* gin_blue_dark-Icon-$60x60@3x.png */ = {isa = PBXFileReference; explicitFileType = undefined; fileEncoding = undefined; includeInIndex = 0; lastKnownFileType = unknown; name = "gin_blue_dark-Icon-$60x60@3x.png"; path = "R2V/DynamicAppIcons/gin_blue_dark-Icon-$60x60@3x.png"; sourceTree = "<group>"; };
		4D884612AFF5429AA50F1E8C /* gin_orange_dark-Icon-$60x60@3x~ipad.png */ = {isa = PBXFileReference; explicitFileType = undefined; fileEncoding = undefined; includeInIndex = 0; lastKnownFileType = unknown; name = "gin_orange_dark-Icon-$60x60@3x~ipad.png"; path = "R2V/DynamicAppIcons/gin_orange_dark-Icon-$60x60@3x~ipad.png"; sourceTree = "<group>"; };
		500146519D574444B6840476 /* gin_blue_light-Icon-$60x60@2x.png */ = {isa = PBXFileReference; explicitFileType = undefined; fileEncoding = undefined; includeInIndex = 0; lastKnownFileType = unknown; name = "gin_blue_light-Icon-$60x60@2x.png"; path = "R2V/DynamicAppIcons/gin_blue_light-Icon-$60x60@2x.png"; sourceTree = "<group>"; };
		52B3A6F92BA542D9A1A16E4C /* gin_yellow_light-Icon-$60x60@2x.png */ = {isa = PBXFileReference; explicitFileType = undefined; fileEncoding = undefined; includeInIndex = 0; lastKnownFileType = unknown; name = "gin_yellow_light-Icon-$60x60@2x.png"; path = "R2V/DynamicAppIcons/gin_yellow_light-Icon-$60x60@2x.png"; sourceTree = "<group>"; };
		58EEBF8E8E6FB1BC6CAF49B5 /* libPods-R2V.a */ = {isa = PBXFileReference; explicitFileType = archive.ar; includeInIndex = 0; path = "libPods-R2V.a"; sourceTree = BUILT_PRODUCTS_DIR; };
		5A2C3F5339574A5D962704C3 /* gin_red_dark-Icon-$60x60@3x.png */ = {isa = PBXFileReference; explicitFileType = undefined; fileEncoding = undefined; includeInIndex = 0; lastKnownFileType = unknown; name = "gin_red_dark-Icon-$60x60@3x.png"; path = "R2V/DynamicAppIcons/gin_red_dark-Icon-$60x60@3x.png"; sourceTree = "<group>"; };
		5DEBF5129FD44E9CA5246FEB /* gin_purple_dark-Icon-$60x60@2x.png */ = {isa = PBXFileReference; explicitFileType = undefined; fileEncoding = undefined; includeInIndex = 0; lastKnownFileType = unknown; name = "gin_purple_dark-Icon-$60x60@2x.png"; path = "R2V/DynamicAppIcons/gin_purple_dark-Icon-$60x60@2x.png"; sourceTree = "<group>"; };
		6A526A140A0E4745B1E20580 /* gin_orange_dark-Icon-$60x60@3x.png */ = {isa = PBXFileReference; explicitFileType = undefined; fileEncoding = undefined; includeInIndex = 0; lastKnownFileType = unknown; name = "gin_orange_dark-Icon-$60x60@3x.png"; path = "R2V/DynamicAppIcons/gin_orange_dark-Icon-$60x60@3x.png"; sourceTree = "<group>"; };
		6C2E3173556A471DD304B334 /* Pods-R2V.debug.xcconfig */ = {isa = PBXFileReference; includeInIndex = 1; lastKnownFileType = text.xcconfig; name = "Pods-R2V.debug.xcconfig"; path = "Target Support Files/Pods-R2V/Pods-R2V.debug.xcconfig"; sourceTree = "<group>"; };
		717D593DF25644328E7C4DB9 /* gin_purple_light-Icon-$60x60@2x~ipad.png */ = {isa = PBXFileReference; explicitFileType = undefined; fileEncoding = undefined; includeInIndex = 0; lastKnownFileType = unknown; name = "gin_purple_light-Icon-$60x60@2x~ipad.png"; path = "R2V/DynamicAppIcons/gin_purple_light-Icon-$60x60@2x~ipad.png"; sourceTree = "<group>"; };
		7367ABF6B7A24D0E99B1CB1C /* gin_dark_purple_dark-Icon-$60x60@3x~ipad.png */ = {isa = PBXFileReference; explicitFileType = undefined; fileEncoding = undefined; includeInIndex = 0; lastKnownFileType = unknown; name = "gin_dark_purple_dark-Icon-$60x60@3x~ipad.png"; path = "R2V/DynamicAppIcons/gin_dark_purple_dark-Icon-$60x60@3x~ipad.png"; sourceTree = "<group>"; };
		746804CDD680437D880D3E08 /* gin_purple_light-Icon-$60x60@3x~ipad.png */ = {isa = PBXFileReference; explicitFileType = undefined; fileEncoding = undefined; includeInIndex = 0; lastKnownFileType = unknown; name = "gin_purple_light-Icon-$60x60@3x~ipad.png"; path = "R2V/DynamicAppIcons/gin_purple_light-Icon-$60x60@3x~ipad.png"; sourceTree = "<group>"; };
		7A4D352CD337FB3A3BF06240 /* Pods-R2V.release.xcconfig */ = {isa = PBXFileReference; includeInIndex = 1; lastKnownFileType = text.xcconfig; name = "Pods-R2V.release.xcconfig"; path = "Target Support Files/Pods-R2V/Pods-R2V.release.xcconfig"; sourceTree = "<group>"; };
		7B56CA991D4B4F0DA41E0EB4 /* gin_orange_light-Icon-$60x60@3x~ipad.png */ = {isa = PBXFileReference; explicitFileType = undefined; fileEncoding = undefined; includeInIndex = 0; lastKnownFileType = unknown; name = "gin_orange_light-Icon-$60x60@3x~ipad.png"; path = "R2V/DynamicAppIcons/gin_orange_light-Icon-$60x60@3x~ipad.png"; sourceTree = "<group>"; };
		80634F65B7FD4D9ABA49DF18 /* r2v_dark-Icon-$60x60@3x.png */ = {isa = PBXFileReference; explicitFileType = undefined; fileEncoding = undefined; includeInIndex = 0; lastKnownFileType = unknown; name = "r2v_dark-Icon-$60x60@3x.png"; path = "R2V/DynamicAppIcons/r2v_dark-Icon-$60x60@3x.png"; sourceTree = "<group>"; };
		85E939A2FEED4EF7952B4E57 /* gin_blue_light-Icon-$60x60@2x~ipad.png */ = {isa = PBXFileReference; explicitFileType = undefined; fileEncoding = undefined; includeInIndex = 0; lastKnownFileType = unknown; name = "gin_blue_light-Icon-$60x60@2x~ipad.png"; path = "R2V/DynamicAppIcons/gin_blue_light-Icon-$60x60@2x~ipad.png"; sourceTree = "<group>"; };
		8722F4ADE2874FF7A6C7E331 /* gin_dark_purple_light-Icon-$60x60@2x~ipad.png */ = {isa = PBXFileReference; explicitFileType = undefined; fileEncoding = undefined; includeInIndex = 0; lastKnownFileType = unknown; name = "gin_dark_purple_light-Icon-$60x60@2x~ipad.png"; path = "R2V/DynamicAppIcons/gin_dark_purple_light-Icon-$60x60@2x~ipad.png"; sourceTree = "<group>"; };
		880CD0E033E94755AB907E1C /* gin_purple_dark-Icon-$60x60@3x.png */ = {isa = PBXFileReference; explicitFileType = undefined; fileEncoding = undefined; includeInIndex = 0; lastKnownFileType = unknown; name = "gin_purple_dark-Icon-$60x60@3x.png"; path = "R2V/DynamicAppIcons/gin_purple_dark-Icon-$60x60@3x.png"; sourceTree = "<group>"; };
		8F08ABF4F7CE4DA8B830BC22 /* gin_green_dark-Icon-$60x60@2x~ipad.png */ = {isa = PBXFileReference; explicitFileType = undefined; fileEncoding = undefined; includeInIndex = 0; lastKnownFileType = unknown; name = "gin_green_dark-Icon-$60x60@2x~ipad.png"; path = "R2V/DynamicAppIcons/gin_green_dark-Icon-$60x60@2x~ipad.png"; sourceTree = "<group>"; };
		92FB9121C2D24A3BBD521802 /* gin_red_light-Icon-$60x60@3x.png */ = {isa = PBXFileReference; explicitFileType = undefined; fileEncoding = undefined; includeInIndex = 0; lastKnownFileType = unknown; name = "gin_red_light-Icon-$60x60@3x.png"; path = "R2V/DynamicAppIcons/gin_red_light-Icon-$60x60@3x.png"; sourceTree = "<group>"; };
		9AE30F12F8B34A38B553BD97 /* gin_red_light-Icon-$60x60@3x~ipad.png */ = {isa = PBXFileReference; explicitFileType = undefined; fileEncoding = undefined; includeInIndex = 0; lastKnownFileType = unknown; name = "gin_red_light-Icon-$60x60@3x~ipad.png"; path = "R2V/DynamicAppIcons/gin_red_light-Icon-$60x60@3x~ipad.png"; sourceTree = "<group>"; };
		9DC8661C89DD4D13A6C14321 /* gin_blue_dark-Icon-$60x60@2x~ipad.png */ = {isa = PBXFileReference; explicitFileType = undefined; fileEncoding = undefined; includeInIndex = 0; lastKnownFileType = unknown; name = "gin_blue_dark-Icon-$60x60@2x~ipad.png"; path = "R2V/DynamicAppIcons/gin_blue_dark-Icon-$60x60@2x~ipad.png"; sourceTree = "<group>"; };
		9F3B3C5D6A85411A8DCD6EF0 /* gin_green_light-Icon-$60x60@2x.png */ = {isa = PBXFileReference; explicitFileType = undefined; fileEncoding = undefined; includeInIndex = 0; lastKnownFileType = unknown; name = "gin_green_light-Icon-$60x60@2x.png"; path = "R2V/DynamicAppIcons/gin_green_light-Icon-$60x60@2x.png"; sourceTree = "<group>"; };
		A0A2A9C905B44803A7E1C383 /* gin_pink_light-Icon-$60x60@2x.png */ = {isa = PBXFileReference; explicitFileType = undefined; fileEncoding = undefined; includeInIndex = 0; lastKnownFileType = unknown; name = "gin_pink_light-Icon-$60x60@2x.png"; path = "R2V/DynamicAppIcons/gin_pink_light-Icon-$60x60@2x.png"; sourceTree = "<group>"; };
		A542320F45E0432EBFFD55FA /* gin_dark_purple_light-Icon-$60x60@2x.png */ = {isa = PBXFileReference; explicitFileType = undefined; fileEncoding = undefined; includeInIndex = 0; lastKnownFileType = unknown; name = "gin_dark_purple_light-Icon-$60x60@2x.png"; path = "R2V/DynamicAppIcons/gin_dark_purple_light-Icon-$60x60@2x.png"; sourceTree = "<group>"; };
		A6A731BBF1CF4D85968D9AAE /* gin_orange_light-Icon-$60x60@2x~ipad.png */ = {isa = PBXFileReference; explicitFileType = undefined; fileEncoding = undefined; includeInIndex = 0; lastKnownFileType = unknown; name = "gin_orange_light-Icon-$60x60@2x~ipad.png"; path = "R2V/DynamicAppIcons/gin_orange_light-Icon-$60x60@2x~ipad.png"; sourceTree = "<group>"; };
		A88B953A795D4B2CAE98B482 /* gin_green_dark-Icon-$60x60@3x.png */ = {isa = PBXFileReference; explicitFileType = undefined; fileEncoding = undefined; includeInIndex = 0; lastKnownFileType = unknown; name = "gin_green_dark-Icon-$60x60@3x.png"; path = "R2V/DynamicAppIcons/gin_green_dark-Icon-$60x60@3x.png"; sourceTree = "<group>"; };
		AA286B85B6C04FC6940260E9 /* SplashScreen.storyboard */ = {isa = PBXFileReference; fileEncoding = 4; lastKnownFileType = file.storyboard; name = SplashScreen.storyboard; path = R2V/SplashScreen.storyboard; sourceTree = "<group>"; };
		AA4638CD40AE40CDAFE7F45E /* gin_yellow_dark-Icon-$60x60@2x~ipad.png */ = {isa = PBXFileReference; explicitFileType = undefined; fileEncoding = undefined; includeInIndex = 0; lastKnownFileType = unknown; name = "gin_yellow_dark-Icon-$60x60@2x~ipad.png"; path = "R2V/DynamicAppIcons/gin_yellow_dark-Icon-$60x60@2x~ipad.png"; sourceTree = "<group>"; };
		B15821D59E8D46FB96D20405 /* gin_orange_light-Icon-$60x60@2x.png */ = {isa = PBXFileReference; explicitFileType = undefined; fileEncoding = undefined; includeInIndex = 0; lastKnownFileType = unknown; name = "gin_orange_light-Icon-$60x60@2x.png"; path = "R2V/DynamicAppIcons/gin_orange_light-Icon-$60x60@2x.png"; sourceTree = "<group>"; };
		B4919B61671B47F98CB41F90 /* r2v_light-Icon-$60x60@2x~ipad.png */ = {isa = PBXFileReference; explicitFileType = undefined; fileEncoding = undefined; includeInIndex = 0; lastKnownFileType = unknown; name = "r2v_light-Icon-$60x60@2x~ipad.png"; path = "R2V/DynamicAppIcons/r2v_light-Icon-$60x60@2x~ipad.png"; sourceTree = "<group>"; };
		B8559C9941A04016AB8AB96E /* gin_teal_dark-Icon-$60x60@3x~ipad.png */ = {isa = PBXFileReference; explicitFileType = undefined; fileEncoding = undefined; includeInIndex = 0; lastKnownFileType = unknown; name = "gin_teal_dark-Icon-$60x60@3x~ipad.png"; path = "R2V/DynamicAppIcons/gin_teal_dark-Icon-$60x60@3x~ipad.png"; sourceTree = "<group>"; };
		B89CB63DEA6340A9A3B5A9B4 /* gin_dark_purple_dark-Icon-$60x60@2x~ipad.png */ = {isa = PBXFileReference; explicitFileType = undefined; fileEncoding = undefined; includeInIndex = 0; lastKnownFileType = unknown; name = "gin_dark_purple_dark-Icon-$60x60@2x~ipad.png"; path = "R2V/DynamicAppIcons/gin_dark_purple_dark-Icon-$60x60@2x~ipad.png"; sourceTree = "<group>"; };
		B984C463229E4854A671E47A /* r2v_dark-Icon-$60x60@3x~ipad.png */ = {isa = PBXFileReference; explicitFileType = undefined; fileEncoding = undefined; includeInIndex = 0; lastKnownFileType = unknown; name = "r2v_dark-Icon-$60x60@3x~ipad.png"; path = "R2V/DynamicAppIcons/r2v_dark-Icon-$60x60@3x~ipad.png"; sourceTree = "<group>"; };
		BB2F792C24A3F905000567C9 /* Expo.plist */ = {isa = PBXFileReference; fileEncoding = 4; lastKnownFileType = text.plist.xml; path = Expo.plist; sourceTree = "<group>"; };
		BBE09E0DF58941BCA8C4F794 /* gin_blue_dark-Icon-$60x60@3x~ipad.png */ = {isa = PBXFileReference; explicitFileType = undefined; fileEncoding = undefined; includeInIndex = 0; lastKnownFileType = unknown; name = "gin_blue_dark-Icon-$60x60@3x~ipad.png"; path = "R2V/DynamicAppIcons/gin_blue_dark-Icon-$60x60@3x~ipad.png"; sourceTree = "<group>"; };
		BC02453181764A8A92A98C4F /* r2v_dark-Icon-$60x60@2x~ipad.png */ = {isa = PBXFileReference; explicitFileType = undefined; fileEncoding = undefined; includeInIndex = 0; lastKnownFileType = unknown; name = "r2v_dark-Icon-$60x60@2x~ipad.png"; path = "R2V/DynamicAppIcons/r2v_dark-Icon-$60x60@2x~ipad.png"; sourceTree = "<group>"; };
		BE2A3B5D51CD4158A9EF70DB /* gin_pink_dark-Icon-$60x60@3x~ipad.png */ = {isa = PBXFileReference; explicitFileType = undefined; fileEncoding = undefined; includeInIndex = 0; lastKnownFileType = unknown; name = "gin_pink_dark-Icon-$60x60@3x~ipad.png"; path = "R2V/DynamicAppIcons/gin_pink_dark-Icon-$60x60@3x~ipad.png"; sourceTree = "<group>"; };
		C4120D6EEEE949AA92D5B8A2 /* gin_red_light-Icon-$60x60@2x.png */ = {isa = PBXFileReference; explicitFileType = undefined; fileEncoding = undefined; includeInIndex = 0; lastKnownFileType = unknown; name = "gin_red_light-Icon-$60x60@2x.png"; path = "R2V/DynamicAppIcons/gin_red_light-Icon-$60x60@2x.png"; sourceTree = "<group>"; };
		C619E3F608654D79A8FF10B2 /* gin_yellow_dark-Icon-$60x60@3x.png */ = {isa = PBXFileReference; explicitFileType = undefined; fileEncoding = undefined; includeInIndex = 0; lastKnownFileType = unknown; name = "gin_yellow_dark-Icon-$60x60@3x.png"; path = "R2V/DynamicAppIcons/gin_yellow_dark-Icon-$60x60@3x.png"; sourceTree = "<group>"; };
		C67476A9EDC34FD8BD17C40C /* gin_teal_dark-Icon-$60x60@2x~ipad.png */ = {isa = PBXFileReference; explicitFileType = undefined; fileEncoding = undefined; includeInIndex = 0; lastKnownFileType = unknown; name = "gin_teal_dark-Icon-$60x60@2x~ipad.png"; path = "R2V/DynamicAppIcons/gin_teal_dark-Icon-$60x60@2x~ipad.png"; sourceTree = "<group>"; };
		C7B7F876FE9F439AB88D144B /* gin_dark_purple_dark-Icon-$60x60@2x.png */ = {isa = PBXFileReference; explicitFileType = undefined; fileEncoding = undefined; includeInIndex = 0; lastKnownFileType = unknown; name = "gin_dark_purple_dark-Icon-$60x60@2x.png"; path = "R2V/DynamicAppIcons/gin_dark_purple_dark-Icon-$60x60@2x.png"; sourceTree = "<group>"; };
		C879AEC4924947F1BD7DF92A /* gin_yellow_dark-Icon-$60x60@3x~ipad.png */ = {isa = PBXFileReference; explicitFileType = undefined; fileEncoding = undefined; includeInIndex = 0; lastKnownFileType = unknown; name = "gin_yellow_dark-Icon-$60x60@3x~ipad.png"; path = "R2V/DynamicAppIcons/gin_yellow_dark-Icon-$60x60@3x~ipad.png"; sourceTree = "<group>"; };
		C8EA8517F6FA4DFD94EC32B6 /* gin_purple_dark-Icon-$60x60@3x~ipad.png */ = {isa = PBXFileReference; explicitFileType = undefined; fileEncoding = undefined; includeInIndex = 0; lastKnownFileType = unknown; name = "gin_purple_dark-Icon-$60x60@3x~ipad.png"; path = "R2V/DynamicAppIcons/gin_purple_dark-Icon-$60x60@3x~ipad.png"; sourceTree = "<group>"; };
		CEA7758865694D9A8ADCA19E /* gin_yellow_light-Icon-$60x60@2x~ipad.png */ = {isa = PBXFileReference; explicitFileType = undefined; fileEncoding = undefined; includeInIndex = 0; lastKnownFileType = unknown; name = "gin_yellow_light-Icon-$60x60@2x~ipad.png"; path = "R2V/DynamicAppIcons/gin_yellow_light-Icon-$60x60@2x~ipad.png"; sourceTree = "<group>"; };
		CEB1AEF9BAD44D389405EE9D /* r2v_light-Icon-$60x60@3x.png */ = {isa = PBXFileReference; explicitFileType = undefined; fileEncoding = undefined; includeInIndex = 0; lastKnownFileType = unknown; name = "r2v_light-Icon-$60x60@3x.png"; path = "R2V/DynamicAppIcons/r2v_light-Icon-$60x60@3x.png"; sourceTree = "<group>"; };
		D2114ED33D414F6BA45D185C /* gin_green_light-Icon-$60x60@2x~ipad.png */ = {isa = PBXFileReference; explicitFileType = undefined; fileEncoding = undefined; includeInIndex = 0; lastKnownFileType = unknown; name = "gin_green_light-Icon-$60x60@2x~ipad.png"; path = "R2V/DynamicAppIcons/gin_green_light-Icon-$60x60@2x~ipad.png"; sourceTree = "<group>"; };
		D302ACCEC76642B3836E4F5F /* gin_teal_light-Icon-$60x60@2x~ipad.png */ = {isa = PBXFileReference; explicitFileType = undefined; fileEncoding = undefined; includeInIndex = 0; lastKnownFileType = unknown; name = "gin_teal_light-Icon-$60x60@2x~ipad.png"; path = "R2V/DynamicAppIcons/gin_teal_light-Icon-$60x60@2x~ipad.png"; sourceTree = "<group>"; };
		D31B09A723314CDE9E5C18C4 /* gin_purple_light-Icon-$60x60@3x.png */ = {isa = PBXFileReference; explicitFileType = undefined; fileEncoding = undefined; includeInIndex = 0; lastKnownFileType = unknown; name = "gin_purple_light-Icon-$60x60@3x.png"; path = "R2V/DynamicAppIcons/gin_purple_light-Icon-$60x60@3x.png"; sourceTree = "<group>"; };
		D4C70F889F9F42AB9E044722 /* gin_teal_light-Icon-$60x60@3x~ipad.png */ = {isa = PBXFileReference; explicitFileType = undefined; fileEncoding = undefined; includeInIndex = 0; lastKnownFileType = unknown; name = "gin_teal_light-Icon-$60x60@3x~ipad.png"; path = "R2V/DynamicAppIcons/gin_teal_light-Icon-$60x60@3x~ipad.png"; sourceTree = "<group>"; };
		DC82DEE46D84493EAD9E6169 /* gin_yellow_light-Icon-$60x60@3x~ipad.png */ = {isa = PBXFileReference; explicitFileType = undefined; fileEncoding = undefined; includeInIndex = 0; lastKnownFileType = unknown; name = "gin_yellow_light-Icon-$60x60@3x~ipad.png"; path = "R2V/DynamicAppIcons/gin_yellow_light-Icon-$60x60@3x~ipad.png"; sourceTree = "<group>"; };
		E05FA92928354DCD9AAA5EA1 /* gin_purple_dark-Icon-$60x60@2x~ipad.png */ = {isa = PBXFileReference; explicitFileType = undefined; fileEncoding = undefined; includeInIndex = 0; lastKnownFileType = unknown; name = "gin_purple_dark-Icon-$60x60@2x~ipad.png"; path = "R2V/DynamicAppIcons/gin_purple_dark-Icon-$60x60@2x~ipad.png"; sourceTree = "<group>"; };
		E0B165D22907439BBE728A01 /* gin_green_light-Icon-$60x60@3x~ipad.png */ = {isa = PBXFileReference; explicitFileType = undefined; fileEncoding = undefined; includeInIndex = 0; lastKnownFileType = unknown; name = "gin_green_light-Icon-$60x60@3x~ipad.png"; path = "R2V/DynamicAppIcons/gin_green_light-Icon-$60x60@3x~ipad.png"; sourceTree = "<group>"; };
		E37909C705F54EC99816BF03 /* gin_dark_purple_dark-Icon-$60x60@3x.png */ = {isa = PBXFileReference; explicitFileType = undefined; fileEncoding = undefined; includeInIndex = 0; lastKnownFileType = unknown; name = "gin_dark_purple_dark-Icon-$60x60@3x.png"; path = "R2V/DynamicAppIcons/gin_dark_purple_dark-Icon-$60x60@3x.png"; sourceTree = "<group>"; };
		E719F34D1FA14DE1B151E66A /* gin_yellow_dark-Icon-$60x60@2x.png */ = {isa = PBXFileReference; explicitFileType = undefined; fileEncoding = undefined; includeInIndex = 0; lastKnownFileType = unknown; name = "gin_yellow_dark-Icon-$60x60@2x.png"; path = "R2V/DynamicAppIcons/gin_yellow_dark-Icon-$60x60@2x.png"; sourceTree = "<group>"; };
		E81AD874F9F14253882CD901 /* gin_pink_dark-Icon-$60x60@2x.png */ = {isa = PBXFileReference; explicitFileType = undefined; fileEncoding = undefined; includeInIndex = 0; lastKnownFileType = unknown; name = "gin_pink_dark-Icon-$60x60@2x.png"; path = "R2V/DynamicAppIcons/gin_pink_dark-Icon-$60x60@2x.png"; sourceTree = "<group>"; };
		EB163E0027584A95BDCFB39F /* gin_green_dark-Icon-$60x60@2x.png */ = {isa = PBXFileReference; explicitFileType = undefined; fileEncoding = undefined; includeInIndex = 0; lastKnownFileType = unknown; name = "gin_green_dark-Icon-$60x60@2x.png"; path = "R2V/DynamicAppIcons/gin_green_dark-Icon-$60x60@2x.png"; sourceTree = "<group>"; };
		EBBF145FC84D44ADA032F9E9 /* gin_purple_light-Icon-$60x60@2x.png */ = {isa = PBXFileReference; explicitFileType = undefined; fileEncoding = undefined; includeInIndex = 0; lastKnownFileType = unknown; name = "gin_purple_light-Icon-$60x60@2x.png"; path = "R2V/DynamicAppIcons/gin_purple_light-Icon-$60x60@2x.png"; sourceTree = "<group>"; };
		EC92D8E4536B455D9CE898A3 /* gin_green_dark-Icon-$60x60@3x~ipad.png */ = {isa = PBXFileReference; explicitFileType = undefined; fileEncoding = undefined; includeInIndex = 0; lastKnownFileType = unknown; name = "gin_green_dark-Icon-$60x60@3x~ipad.png"; path = "R2V/DynamicAppIcons/gin_green_dark-Icon-$60x60@3x~ipad.png"; sourceTree = "<group>"; };
		ED297162215061F000B7C4FE /* JavaScriptCore.framework */ = {isa = PBXFileReference; lastKnownFileType = wrapper.framework; name = JavaScriptCore.framework; path = System/Library/Frameworks/JavaScriptCore.framework; sourceTree = SDKROOT; };
		F45352C9D61647FD9A8322E4 /* gin_blue_light-Icon-$60x60@3x~ipad.png */ = {isa = PBXFileReference; explicitFileType = undefined; fileEncoding = undefined; includeInIndex = 0; lastKnownFileType = unknown; name = "gin_blue_light-Icon-$60x60@3x~ipad.png"; path = "R2V/DynamicAppIcons/gin_blue_light-Icon-$60x60@3x~ipad.png"; sourceTree = "<group>"; };
		F9EFC76F825B451CB6AC32C6 /* r2v_light-Icon-$60x60@3x~ipad.png */ = {isa = PBXFileReference; explicitFileType = undefined; fileEncoding = undefined; includeInIndex = 0; lastKnownFileType = unknown; name = "r2v_light-Icon-$60x60@3x~ipad.png"; path = "R2V/DynamicAppIcons/r2v_light-Icon-$60x60@3x~ipad.png"; sourceTree = "<group>"; };
		FA26D6D77E4B4FC49976266C /* gin_red_dark-Icon-$60x60@2x.png */ = {isa = PBXFileReference; explicitFileType = undefined; fileEncoding = undefined; includeInIndex = 0; lastKnownFileType = unknown; name = "gin_red_dark-Icon-$60x60@2x.png"; path = "R2V/DynamicAppIcons/gin_red_dark-Icon-$60x60@2x.png"; sourceTree = "<group>"; };
		FAC715A2D49A985799AEE119 /* ExpoModulesProvider.swift */ = {isa = PBXFileReference; includeInIndex = 1; lastKnownFileType = sourcecode.swift; name = ExpoModulesProvider.swift; path = "Pods/Target Support Files/Pods-R2V/ExpoModulesProvider.swift"; sourceTree = "<group>"; };
		FC786B1632B24782B91C96FA /* gin_teal_light-Icon-$60x60@3x.png */ = {isa = PBXFileReference; explicitFileType = undefined; fileEncoding = undefined; includeInIndex = 0; lastKnownFileType = unknown; name = "gin_teal_light-Icon-$60x60@3x.png"; path = "R2V/DynamicAppIcons/gin_teal_light-Icon-$60x60@3x.png"; sourceTree = "<group>"; };
		FE74BB5CBE55452D8B95916E /* r2v_light-Icon-$60x60@2x.png */ = {isa = PBXFileReference; explicitFileType = undefined; fileEncoding = undefined; includeInIndex = 0; lastKnownFileType = unknown; name = "r2v_light-Icon-$60x60@2x.png"; path = "R2V/DynamicAppIcons/r2v_light-Icon-$60x60@2x.png"; sourceTree = "<group>"; };
/* End PBXFileReference section */

/* Begin PBXFrameworksBuildPhase section */
		13B07F8C1A680F5B00A75B9A /* Frameworks */ = {
			isa = PBXFrameworksBuildPhase;
			buildActionMask = 2147483647;
			files = (
				96905EF65AED1B983A6B3ABC /* libPods-R2V.a in Frameworks */,
			);
			runOnlyForDeploymentPostprocessing = 0;
		};
/* End PBXFrameworksBuildPhase section */

/* Begin PBXGroup section */
		13B07FAE1A68108700A75B9A /* R2V */ = {
			isa = PBXGroup;
			children = (
				BB2F792B24A3F905000567C9 /* Supporting */,
				13B07FAF1A68108700A75B9A /* AppDelegate.h */,
				13B07FB01A68108700A75B9A /* AppDelegate.mm */,
				13B07FB51A68108700A75B9A /* Images.xcassets */,
				13B07FB61A68108700A75B9A /* Info.plist */,
				13B07FB71A68108700A75B9A /* main.m */,
				AA286B85B6C04FC6940260E9 /* SplashScreen.storyboard */,
				01B59DFCB28442C6BD03706F /* noop-file.swift */,
				48082C65043E492DB06D1FBF /* R2V-Bridging-Header.h */,
				77E84360F114447B91D7B4C2 /* DynamicAppIcons */,
				20A99727DC0A8BCC6FA23551 /* PrivacyInfo.xcprivacy */,
			);
			name = R2V;
			sourceTree = "<group>";
		};
		2D16E6871FA4F8E400B85C8A /* Frameworks */ = {
			isa = PBXGroup;
			children = (
				ED297162215061F000B7C4FE /* JavaScriptCore.framework */,
				58EEBF8E8E6FB1BC6CAF49B5 /* libPods-R2V.a */,
			);
			name = Frameworks;
			sourceTree = "<group>";
		};
		3AF5846D5B9F4480B9A078E4 /* Resources */ = {
			isa = PBXGroup;
			children = (
			);
			name = Resources;
			path = "";
			sourceTree = "<group>";
		};
		77E84360F114447B91D7B4C2 /* DynamicAppIcons */ = {
			isa = PBXGroup;
			children = (
				FE74BB5CBE55452D8B95916E /* r2v_light-Icon-$60x60@2x.png */,
				CEB1AEF9BAD44D389405EE9D /* r2v_light-Icon-$60x60@3x.png */,
				B4919B61671B47F98CB41F90 /* r2v_light-Icon-$60x60@2x~ipad.png */,
				F9EFC76F825B451CB6AC32C6 /* r2v_light-Icon-$60x60@3x~ipad.png */,
				2EA3E6F45690418F984707F2 /* r2v_dark-Icon-$60x60@2x.png */,
				80634F65B7FD4D9ABA49DF18 /* r2v_dark-Icon-$60x60@3x.png */,
				BC02453181764A8A92A98C4F /* r2v_dark-Icon-$60x60@2x~ipad.png */,
				B984C463229E4854A671E47A /* r2v_dark-Icon-$60x60@3x~ipad.png */,
				500146519D574444B6840476 /* gin_blue_light-Icon-$60x60@2x.png */,
				3300C81CE2AD4B17B07BB4A3 /* gin_blue_light-Icon-$60x60@3x.png */,
				85E939A2FEED4EF7952B4E57 /* gin_blue_light-Icon-$60x60@2x~ipad.png */,
				F45352C9D61647FD9A8322E4 /* gin_blue_light-Icon-$60x60@3x~ipad.png */,
				0C9F42DD0C894134B33F0123 /* gin_blue_dark-Icon-$60x60@2x.png */,
				4D16E91607854618B7A07FD9 /* gin_blue_dark-Icon-$60x60@3x.png */,
				9DC8661C89DD4D13A6C14321 /* gin_blue_dark-Icon-$60x60@2x~ipad.png */,
				BBE09E0DF58941BCA8C4F794 /* gin_blue_dark-Icon-$60x60@3x~ipad.png */,
				A542320F45E0432EBFFD55FA /* gin_dark_purple_light-Icon-$60x60@2x.png */,
				15C65296DC0C47459CD7C996 /* gin_dark_purple_light-Icon-$60x60@3x.png */,
				8722F4ADE2874FF7A6C7E331 /* gin_dark_purple_light-Icon-$60x60@2x~ipad.png */,
				0680B33EC7C24E59BA5F6AA5 /* gin_dark_purple_light-Icon-$60x60@3x~ipad.png */,
				C7B7F876FE9F439AB88D144B /* gin_dark_purple_dark-Icon-$60x60@2x.png */,
				E37909C705F54EC99816BF03 /* gin_dark_purple_dark-Icon-$60x60@3x.png */,
				B89CB63DEA6340A9A3B5A9B4 /* gin_dark_purple_dark-Icon-$60x60@2x~ipad.png */,
				7367ABF6B7A24D0E99B1CB1C /* gin_dark_purple_dark-Icon-$60x60@3x~ipad.png */,
				EBBF145FC84D44ADA032F9E9 /* gin_purple_light-Icon-$60x60@2x.png */,
				D31B09A723314CDE9E5C18C4 /* gin_purple_light-Icon-$60x60@3x.png */,
				717D593DF25644328E7C4DB9 /* gin_purple_light-Icon-$60x60@2x~ipad.png */,
				746804CDD680437D880D3E08 /* gin_purple_light-Icon-$60x60@3x~ipad.png */,
				5DEBF5129FD44E9CA5246FEB /* gin_purple_dark-Icon-$60x60@2x.png */,
				880CD0E033E94755AB907E1C /* gin_purple_dark-Icon-$60x60@3x.png */,
				E05FA92928354DCD9AAA5EA1 /* gin_purple_dark-Icon-$60x60@2x~ipad.png */,
				C8EA8517F6FA4DFD94EC32B6 /* gin_purple_dark-Icon-$60x60@3x~ipad.png */,
				9F3B3C5D6A85411A8DCD6EF0 /* gin_green_light-Icon-$60x60@2x.png */,
				1E9DF2479264429E8C35DF75 /* gin_green_light-Icon-$60x60@3x.png */,
				D2114ED33D414F6BA45D185C /* gin_green_light-Icon-$60x60@2x~ipad.png */,
				E0B165D22907439BBE728A01 /* gin_green_light-Icon-$60x60@3x~ipad.png */,
				EB163E0027584A95BDCFB39F /* gin_green_dark-Icon-$60x60@2x.png */,
				A88B953A795D4B2CAE98B482 /* gin_green_dark-Icon-$60x60@3x.png */,
				8F08ABF4F7CE4DA8B830BC22 /* gin_green_dark-Icon-$60x60@2x~ipad.png */,
				EC92D8E4536B455D9CE898A3 /* gin_green_dark-Icon-$60x60@3x~ipad.png */,
				4AA6E460C2154EE5B290CCEA /* gin_teal_light-Icon-$60x60@2x.png */,
				FC786B1632B24782B91C96FA /* gin_teal_light-Icon-$60x60@3x.png */,
				D302ACCEC76642B3836E4F5F /* gin_teal_light-Icon-$60x60@2x~ipad.png */,
				D4C70F889F9F42AB9E044722 /* gin_teal_light-Icon-$60x60@3x~ipad.png */,
				35D8F995BBB640FC9E844D2F /* gin_teal_dark-Icon-$60x60@2x.png */,
				1797067187584CC59D12892F /* gin_teal_dark-Icon-$60x60@3x.png */,
				C67476A9EDC34FD8BD17C40C /* gin_teal_dark-Icon-$60x60@2x~ipad.png */,
				B8559C9941A04016AB8AB96E /* gin_teal_dark-Icon-$60x60@3x~ipad.png */,
				C4120D6EEEE949AA92D5B8A2 /* gin_red_light-Icon-$60x60@2x.png */,
				92FB9121C2D24A3BBD521802 /* gin_red_light-Icon-$60x60@3x.png */,
				16E191E55BB44E8AB72D45FC /* gin_red_light-Icon-$60x60@2x~ipad.png */,
				9AE30F12F8B34A38B553BD97 /* gin_red_light-Icon-$60x60@3x~ipad.png */,
				FA26D6D77E4B4FC49976266C /* gin_red_dark-Icon-$60x60@2x.png */,
				5A2C3F5339574A5D962704C3 /* gin_red_dark-Icon-$60x60@3x.png */,
				41BBEAC594024BA3B8A7FEF8 /* gin_red_dark-Icon-$60x60@2x~ipad.png */,
				2EB05103FE46480BAD534323 /* gin_red_dark-Icon-$60x60@3x~ipad.png */,
				B15821D59E8D46FB96D20405 /* gin_orange_light-Icon-$60x60@2x.png */,
				451046AF377043F8B961CB7D /* gin_orange_light-Icon-$60x60@3x.png */,
				A6A731BBF1CF4D85968D9AAE /* gin_orange_light-Icon-$60x60@2x~ipad.png */,
				7B56CA991D4B4F0DA41E0EB4 /* gin_orange_light-Icon-$60x60@3x~ipad.png */,
				00476127675848E99DD16025 /* gin_orange_dark-Icon-$60x60@2x.png */,
				6A526A140A0E4745B1E20580 /* gin_orange_dark-Icon-$60x60@3x.png */,
				00D12AD6BBCE4858BB94E3EB /* gin_orange_dark-Icon-$60x60@2x~ipad.png */,
				4D884612AFF5429AA50F1E8C /* gin_orange_dark-Icon-$60x60@3x~ipad.png */,
				52B3A6F92BA542D9A1A16E4C /* gin_yellow_light-Icon-$60x60@2x.png */,
				38E132B03ABA49B7B095A1D2 /* gin_yellow_light-Icon-$60x60@3x.png */,
				CEA7758865694D9A8ADCA19E /* gin_yellow_light-Icon-$60x60@2x~ipad.png */,
				DC82DEE46D84493EAD9E6169 /* gin_yellow_light-Icon-$60x60@3x~ipad.png */,
				E719F34D1FA14DE1B151E66A /* gin_yellow_dark-Icon-$60x60@2x.png */,
				C619E3F608654D79A8FF10B2 /* gin_yellow_dark-Icon-$60x60@3x.png */,
				AA4638CD40AE40CDAFE7F45E /* gin_yellow_dark-Icon-$60x60@2x~ipad.png */,
				C879AEC4924947F1BD7DF92A /* gin_yellow_dark-Icon-$60x60@3x~ipad.png */,
				A0A2A9C905B44803A7E1C383 /* gin_pink_light-Icon-$60x60@2x.png */,
				12074005967B4C3897E25B42 /* gin_pink_light-Icon-$60x60@3x.png */,
				421B734FEFA048E7AFB5D381 /* gin_pink_light-Icon-$60x60@2x~ipad.png */,
				45E4321B506B4207BDA95589 /* gin_pink_light-Icon-$60x60@3x~ipad.png */,
				E81AD874F9F14253882CD901 /* gin_pink_dark-Icon-$60x60@2x.png */,
				44B7490395FD427D9E324FF7 /* gin_pink_dark-Icon-$60x60@3x.png */,
				3E883860CD1640BC9C74DD07 /* gin_pink_dark-Icon-$60x60@2x~ipad.png */,
				BE2A3B5D51CD4158A9EF70DB /* gin_pink_dark-Icon-$60x60@3x~ipad.png */,
			);
			name = DynamicAppIcons;
			path = "";
			sourceTree = "<group>";
		};
		832341AE1AAA6A7D00B99B32 /* Libraries */ = {
			isa = PBXGroup;
			children = (
			);
			name = Libraries;
			sourceTree = "<group>";
		};
		83CBB9F61A601CBA00E9B192 = {
			isa = PBXGroup;
			children = (
				13B07FAE1A68108700A75B9A /* R2V */,
				832341AE1AAA6A7D00B99B32 /* Libraries */,
				83CBBA001A601CBA00E9B192 /* Products */,
				2D16E6871FA4F8E400B85C8A /* Frameworks */,
				D65327D7A22EEC0BE12398D9 /* Pods */,
				D7E4C46ADA2E9064B798F356 /* ExpoModulesProviders */,
				3AF5846D5B9F4480B9A078E4 /* Resources */,
			);
			indentWidth = 2;
			sourceTree = "<group>";
			tabWidth = 2;
			usesTabs = 0;
		};
		83CBBA001A601CBA00E9B192 /* Products */ = {
			isa = PBXGroup;
			children = (
				13B07F961A680F5B00A75B9A /* R2V.app */,
			);
			name = Products;
			sourceTree = "<group>";
		};
		92DBD88DE9BF7D494EA9DA96 /* R2V */ = {
			isa = PBXGroup;
			children = (
				FAC715A2D49A985799AEE119 /* ExpoModulesProvider.swift */,
			);
			name = R2V;
			sourceTree = "<group>";
		};
		BB2F792B24A3F905000567C9 /* Supporting */ = {
			isa = PBXGroup;
			children = (
				BB2F792C24A3F905000567C9 /* Expo.plist */,
			);
			name = Supporting;
			path = R2V/Supporting;
			sourceTree = "<group>";
		};
		D65327D7A22EEC0BE12398D9 /* Pods */ = {
			isa = PBXGroup;
			children = (
				6C2E3173556A471DD304B334 /* Pods-R2V.debug.xcconfig */,
				7A4D352CD337FB3A3BF06240 /* Pods-R2V.release.xcconfig */,
			);
			path = Pods;
			sourceTree = "<group>";
		};
		D7E4C46ADA2E9064B798F356 /* ExpoModulesProviders */ = {
			isa = PBXGroup;
			children = (
				92DBD88DE9BF7D494EA9DA96 /* R2V */,
			);
			name = ExpoModulesProviders;
			sourceTree = "<group>";
		};
/* End PBXGroup section */

/* Begin PBXNativeTarget section */
		13B07F861A680F5B00A75B9A /* R2V */ = {
			isa = PBXNativeTarget;
			buildConfigurationList = 13B07F931A680F5B00A75B9A /* Build configuration list for PBXNativeTarget "R2V" */;
			buildPhases = (
				08A4A3CD28434E44B6B9DE2E /* [CP] Check Pods Manifest.lock */,
				50CE0FE13A1F166E3B6D5024 /* [Expo] Configure project */,
				13B07F871A680F5B00A75B9A /* Sources */,
				13B07F8C1A680F5B00A75B9A /* Frameworks */,
				13B07F8E1A680F5B00A75B9A /* Resources */,
				00DD1BFF1BD5951E006B06BC /* Bundle React Native code and images */,
				800E24972A6A228C8D4807E9 /* [CP] Copy Pods Resources */,
				0E1CA6413B8F4E5A9A6161AB /* Upload Debug Symbols to Sentry */,
				6B302A5956B982B0DD59C5AA /* [CP] Embed Pods Frameworks */,
			);
			buildRules = (
			);
			dependencies = (
			);
			name = R2V;
			productName = R2V;
			productReference = 13B07F961A680F5B00A75B9A /* R2V.app */;
			productType = "com.apple.product-type.application";
		};
/* End PBXNativeTarget section */

/* Begin PBXProject section */
		83CBB9F71A601CBA00E9B192 /* Project object */ = {
			isa = PBXProject;
			attributes = {
				LastUpgradeCheck = 1130;
				TargetAttributes = {
					13B07F861A680F5B00A75B9A = {
						LastSwiftMigration = 1250;
					};
				};
			};
			buildConfigurationList = 83CBB9FA1A601CBA00E9B192 /* Build configuration list for PBXProject "R2V" */;
			compatibilityVersion = "Xcode 3.2";
			developmentRegion = en;
			hasScannedForEncodings = 0;
			knownRegions = (
				en,
				Base,
			);
			mainGroup = 83CBB9F61A601CBA00E9B192;
			productRefGroup = 83CBBA001A601CBA00E9B192 /* Products */;
			projectDirPath = "";
			projectRoot = "";
			targets = (
				13B07F861A680F5B00A75B9A /* R2V */,
			);
		};
/* End PBXProject section */

/* Begin PBXResourcesBuildPhase section */
		13B07F8E1A680F5B00A75B9A /* Resources */ = {
			isa = PBXResourcesBuildPhase;
			buildActionMask = 2147483647;
			files = (
				BB2F792D24A3F905000567C9 /* Expo.plist in Resources */,
				13B07FBF1A68108700A75B9A /* Images.xcassets in Resources */,
				3E461D99554A48A4959DE609 /* SplashScreen.storyboard in Resources */,
				AA6FEF9C1F4BAA94BDDA6F3E /* PrivacyInfo.xcprivacy in Resources */,
				8A97E2F14A344D9685D5562A /* r2v_light-Icon-$60x60@2x.png in Resources */,
				32187D7676524157B8B6F645 /* r2v_light-Icon-$60x60@3x.png in Resources */,
				4133B55009044F25A872DFB3 /* r2v_light-Icon-$60x60@2x~ipad.png in Resources */,
				9D945A5CA5DD4E9C85F6B503 /* r2v_light-Icon-$60x60@3x~ipad.png in Resources */,
				5661E7DFBA464B528119CCB8 /* r2v_dark-Icon-$60x60@2x.png in Resources */,
				A98617C9A9C54A7AB4BAED1A /* r2v_dark-Icon-$60x60@3x.png in Resources */,
				1D71A04C999B49559B975885 /* r2v_dark-Icon-$60x60@2x~ipad.png in Resources */,
				8B644BB5216146F68C478C12 /* r2v_dark-Icon-$60x60@3x~ipad.png in Resources */,
				9FAF8347DED84A3196620D2B /* gin_blue_light-Icon-$60x60@2x.png in Resources */,
				664CDD333D144452A3D4E37A /* gin_blue_light-Icon-$60x60@3x.png in Resources */,
				845258DEE49141B29F681F8A /* gin_blue_light-Icon-$60x60@2x~ipad.png in Resources */,
				6442888C9ED646B8939CA4B0 /* gin_blue_light-Icon-$60x60@3x~ipad.png in Resources */,
				0C1AA74863274A428A043D4C /* gin_blue_dark-Icon-$60x60@2x.png in Resources */,
				70CF089C2C7B4B43972F3736 /* gin_blue_dark-Icon-$60x60@3x.png in Resources */,
				2D4F080B25B14FC2ADB12341 /* gin_blue_dark-Icon-$60x60@2x~ipad.png in Resources */,
				F1129F5B9C0E4D1D881DEF17 /* gin_blue_dark-Icon-$60x60@3x~ipad.png in Resources */,
				690355F048014232AFED593B /* gin_dark_purple_light-Icon-$60x60@2x.png in Resources */,
				8B94597025044A3CB0C69FD4 /* gin_dark_purple_light-Icon-$60x60@3x.png in Resources */,
				BDFD19BE98FB4ADFB7970E7B /* gin_dark_purple_light-Icon-$60x60@2x~ipad.png in Resources */,
				5C43CCC2EE9544F6B146B853 /* gin_dark_purple_light-Icon-$60x60@3x~ipad.png in Resources */,
				7F5F2AB3F210413B824A0B92 /* gin_dark_purple_dark-Icon-$60x60@2x.png in Resources */,
				089C8399626F42D1BB789D98 /* gin_dark_purple_dark-Icon-$60x60@3x.png in Resources */,
				D3877ED67D1C4D8CBCC525AC /* gin_dark_purple_dark-Icon-$60x60@2x~ipad.png in Resources */,
				5FDDFF93F05048F79ADCF535 /* gin_dark_purple_dark-Icon-$60x60@3x~ipad.png in Resources */,
				96B9FCA48B1E45D9A6D7DDE3 /* gin_purple_light-Icon-$60x60@2x.png in Resources */,
				13FE70D8B7FE4068B5981748 /* gin_purple_light-Icon-$60x60@3x.png in Resources */,
				F1F36056C18444A2A5E21B61 /* gin_purple_light-Icon-$60x60@2x~ipad.png in Resources */,
				8D7E56A7D4644079A12BD2B8 /* gin_purple_light-Icon-$60x60@3x~ipad.png in Resources */,
				8777390787D54320A444B6D3 /* gin_purple_dark-Icon-$60x60@2x.png in Resources */,
				E7B84A7F6F224E9E91891A84 /* gin_purple_dark-Icon-$60x60@3x.png in Resources */,
				BDF2E69E80804407BEFE8EB6 /* gin_purple_dark-Icon-$60x60@2x~ipad.png in Resources */,
				0120D53280B24851A386623B /* gin_purple_dark-Icon-$60x60@3x~ipad.png in Resources */,
				8C0FB761C9EA449E85D0C3E4 /* gin_green_light-Icon-$60x60@2x.png in Resources */,
				6EF44848726A4999ABD1BC66 /* gin_green_light-Icon-$60x60@3x.png in Resources */,
				54CE214882FF471DA6C487AB /* gin_green_light-Icon-$60x60@2x~ipad.png in Resources */,
				5C5B1418E8A043C49C9A4AA1 /* gin_green_light-Icon-$60x60@3x~ipad.png in Resources */,
				15D02286C49F49789CF7F042 /* gin_green_dark-Icon-$60x60@2x.png in Resources */,
				A2AD8934B82C4C70909626CD /* gin_green_dark-Icon-$60x60@3x.png in Resources */,
				8D5AC6F4CE3A420A9BFCCCEA /* gin_green_dark-Icon-$60x60@2x~ipad.png in Resources */,
				C810F02A2B294663B269E7AB /* gin_green_dark-Icon-$60x60@3x~ipad.png in Resources */,
				D8151D6E05AF4762BDBEF151 /* gin_teal_light-Icon-$60x60@2x.png in Resources */,
				25AD9DFCC03546F19800E811 /* gin_teal_light-Icon-$60x60@3x.png in Resources */,
				4155552B80094243A06FA490 /* gin_teal_light-Icon-$60x60@2x~ipad.png in Resources */,
				5D8ED40943B34EA7B8D3BF5D /* gin_teal_light-Icon-$60x60@3x~ipad.png in Resources */,
				30C8C79F7F0F42649427F9B2 /* gin_teal_dark-Icon-$60x60@2x.png in Resources */,
				726586C6057C46CF8A43F45E /* gin_teal_dark-Icon-$60x60@3x.png in Resources */,
				DBCFD1A0C16447228EC87A0F /* gin_teal_dark-Icon-$60x60@2x~ipad.png in Resources */,
				6D1E6AC290EC4174B3C61772 /* gin_teal_dark-Icon-$60x60@3x~ipad.png in Resources */,
				D6723F18D18B41F488DBFEA4 /* gin_red_light-Icon-$60x60@2x.png in Resources */,
				CCDC7E7BB24443D6A73AF371 /* gin_red_light-Icon-$60x60@3x.png in Resources */,
				6CA2AF9CB3F84904BFB58D6F /* gin_red_light-Icon-$60x60@2x~ipad.png in Resources */,
				0B30D78B8F004053A2EBDDD4 /* gin_red_light-Icon-$60x60@3x~ipad.png in Resources */,
				D792DCE1E73C4905A3B2FC7C /* gin_red_dark-Icon-$60x60@2x.png in Resources */,
				9B75E16A1EF54642BF7F6B31 /* gin_red_dark-Icon-$60x60@3x.png in Resources */,
				032F97EB015346A390FE7350 /* gin_red_dark-Icon-$60x60@2x~ipad.png in Resources */,
				FBA76C72511145609709EBC2 /* gin_red_dark-Icon-$60x60@3x~ipad.png in Resources */,
				C1A2D338D33E47E4B33CDBC9 /* gin_orange_light-Icon-$60x60@2x.png in Resources */,
				9BC1D64586BF42FBB14C8FCA /* gin_orange_light-Icon-$60x60@3x.png in Resources */,
				F482DE2DA24845DE8DD66506 /* gin_orange_light-Icon-$60x60@2x~ipad.png in Resources */,
				E88AC557635F4533A1208CD2 /* gin_orange_light-Icon-$60x60@3x~ipad.png in Resources */,
				B81F59F5BE4246228098B39F /* gin_orange_dark-Icon-$60x60@2x.png in Resources */,
				EFA19A05E23F4973B0719F9F /* gin_orange_dark-Icon-$60x60@3x.png in Resources */,
				A408DFAEC5F044C3B0F7661E /* gin_orange_dark-Icon-$60x60@2x~ipad.png in Resources */,
				DBF47E147DC14ADC98403451 /* gin_orange_dark-Icon-$60x60@3x~ipad.png in Resources */,
				60A259AC05944D50B8361576 /* gin_yellow_light-Icon-$60x60@2x.png in Resources */,
				7CECC68FCF404A7DB31BDCAE /* gin_yellow_light-Icon-$60x60@3x.png in Resources */,
				927ED05B70FD4EBDAC953073 /* gin_yellow_light-Icon-$60x60@2x~ipad.png in Resources */,
				747F431B29F04DFFA248DAD0 /* gin_yellow_light-Icon-$60x60@3x~ipad.png in Resources */,
				F201C6C75D604F5482CBDCE7 /* gin_yellow_dark-Icon-$60x60@2x.png in Resources */,
				5EBD946397D4499895AC75E4 /* gin_yellow_dark-Icon-$60x60@3x.png in Resources */,
				68D2024B734E4D7B935C0FAF /* gin_yellow_dark-Icon-$60x60@2x~ipad.png in Resources */,
				4273046666494D9A958F8236 /* gin_yellow_dark-Icon-$60x60@3x~ipad.png in Resources */,
				6AF277EAA18C48C1A1B29147 /* gin_pink_light-Icon-$60x60@2x.png in Resources */,
				547BB7B5C5F94CBEAA3F64E1 /* gin_pink_light-Icon-$60x60@3x.png in Resources */,
				2ADC68FAE6B345EC8BB5EAE4 /* gin_pink_light-Icon-$60x60@2x~ipad.png in Resources */,
				1E65CA146A604141BEEA8AA3 /* gin_pink_light-Icon-$60x60@3x~ipad.png in Resources */,
				C2BC632D90B9440889E08DF4 /* gin_pink_dark-Icon-$60x60@2x.png in Resources */,
				B1383A666571447FA9FF7DA6 /* gin_pink_dark-Icon-$60x60@3x.png in Resources */,
				935C6526F0A24944A7849528 /* gin_pink_dark-Icon-$60x60@2x~ipad.png in Resources */,
				1C593595D66C47B08B052D42 /* gin_pink_dark-Icon-$60x60@3x~ipad.png in Resources */,
			);
			runOnlyForDeploymentPostprocessing = 0;
		};
/* End PBXResourcesBuildPhase section */

/* Begin PBXShellScriptBuildPhase section */
		00DD1BFF1BD5951E006B06BC /* Bundle React Native code and images */ = {
			isa = PBXShellScriptBuildPhase;
			alwaysOutOfDate = 1;
			buildActionMask = 2147483647;
			files = (
			);
			inputPaths = (
			);
			name = "Bundle React Native code and images";
			outputPaths = (
			);
			runOnlyForDeploymentPostprocessing = 0;
			shellPath = /bin/sh;
			shellScript = "if [[ -f \"$PODS_ROOT/../.xcode.env\" ]]; then\n  source \"$PODS_ROOT/../.xcode.env\"\nfi\nif [[ -f \"$PODS_ROOT/../.xcode.env.local\" ]]; then\n  source \"$PODS_ROOT/../.xcode.env.local\"\nfi\n\n# The project root by default is one level up from the ios directory\nexport PROJECT_ROOT=\"$PROJECT_DIR\"/..\n\nif [[ \"$CONFIGURATION\" = *Debug* ]]; then\n  export SKIP_BUNDLING=1\nfi\nif [[ -z \"$ENTRY_FILE\" ]]; then\n  # Set the entry JS file using the bundler's entry resolution.\n  export ENTRY_FILE=\"$(\"$NODE_BINARY\" -e \"require('expo/scripts/resolveAppEntry')\" \"$PROJECT_ROOT\" ios absolute | tail -n 1)\"\nfi\n\nif [[ -z \"$CLI_PATH\" ]]; then\n  # Use Expo CLI\n  export CLI_PATH=\"$(\"$NODE_BINARY\" --print \"require.resolve('@expo/cli', { paths: [require.resolve('expo/package.json')] })\")\"\nfi\nif [[ -z \"$BUNDLE_COMMAND\" ]]; then\n  # Default Expo CLI command for bundling\n  export BUNDLE_COMMAND=\"export:embed\"\nfi\n\n# Source .xcode.env.updates if it exists to allow\n# SKIP_BUNDLING to be unset if needed\nif [[ -f \"$PODS_ROOT/../.xcode.env.updates\" ]]; then\n  source \"$PODS_ROOT/../.xcode.env.updates\"\nfi\n# Source local changes to allow overrides\n# if needed\nif [[ -f \"$PODS_ROOT/../.xcode.env.local\" ]]; then\n  source \"$PODS_ROOT/../.xcode.env.local\"\nfi\n\n/bin/sh `\"$NODE_BINARY\" --print \"require('path').dirname(require.resolve('@sentry/react-native/package.json')) + '/scripts/sentry-xcode.sh'\"` `\"$NODE_BINARY\" --print \"require('path').dirname(require.resolve('react-native/package.json')) + '/scripts/react-native-xcode.sh'\"`\n\n";
		};
		08A4A3CD28434E44B6B9DE2E /* [CP] Check Pods Manifest.lock */ = {
			isa = PBXShellScriptBuildPhase;
			buildActionMask = 2147483647;
			files = (
			);
			inputFileListPaths = (
			);
			inputPaths = (
				"${PODS_PODFILE_DIR_PATH}/Podfile.lock",
				"${PODS_ROOT}/Manifest.lock",
			);
			name = "[CP] Check Pods Manifest.lock";
			outputFileListPaths = (
			);
			outputPaths = (
				"$(DERIVED_FILE_DIR)/Pods-R2V-checkManifestLockResult.txt",
			);
			runOnlyForDeploymentPostprocessing = 0;
			shellPath = /bin/sh;
			shellScript = "diff \"${PODS_PODFILE_DIR_PATH}/Podfile.lock\" \"${PODS_ROOT}/Manifest.lock\" > /dev/null\nif [ $? != 0 ] ; then\n    # print error to STDERR\n    echo \"error: The sandbox is not in sync with the Podfile.lock. Run 'pod install' or update your CocoaPods installation.\" >&2\n    exit 1\nfi\n# This output is used by Xcode 'outputs' to avoid re-running this script phase.\necho \"SUCCESS\" > \"${SCRIPT_OUTPUT_FILE_0}\"\n";
			showEnvVarsInLog = 0;
		};
		0E1CA6413B8F4E5A9A6161AB /* Upload Debug Symbols to Sentry */ = {
			isa = PBXShellScriptBuildPhase;
			buildActionMask = 2147483647;
			files = (
			);
			inputPaths = (
			);
			name = "Upload Debug Symbols to Sentry";
			outputPaths = (
			);
			runOnlyForDeploymentPostprocessing = 0;
			shellPath = /bin/sh;
			shellScript = "/bin/sh `${NODE_BINARY:-node} --print \"require('path').dirname(require.resolve('@sentry/react-native/package.json')) + '/scripts/sentry-xcode-debug-files.sh'\"`";
		};
		50CE0FE13A1F166E3B6D5024 /* [Expo] Configure project */ = {
			isa = PBXShellScriptBuildPhase;
			alwaysOutOfDate = 1;
			buildActionMask = 2147483647;
			files = (
			);
			inputFileListPaths = (
			);
			inputPaths = (
			);
			name = "[Expo] Configure project";
			outputFileListPaths = (
			);
			outputPaths = (
			);
			runOnlyForDeploymentPostprocessing = 0;
			shellPath = /bin/sh;
			shellScript = "# This script configures Expo modules and generates the modules provider file.\nbash -l -c \"./Pods/Target\\ Support\\ Files/Pods-R2V/expo-configure-project.sh\"\n";
		};
		6B302A5956B982B0DD59C5AA /* [CP] Embed Pods Frameworks */ = {
			isa = PBXShellScriptBuildPhase;
			buildActionMask = 2147483647;
			files = (
			);
			inputPaths = (
				"${PODS_ROOT}/Target Support Files/Pods-R2V/Pods-R2V-frameworks.sh",
				"${PODS_XCFRAMEWORKS_BUILD_DIR}/hermes-engine/Pre-built/hermes.framework/hermes",
			);
			name = "[CP] Embed Pods Frameworks";
			outputPaths = (
				"${TARGET_BUILD_DIR}/${FRAMEWORKS_FOLDER_PATH}/hermes.framework",
			);
			runOnlyForDeploymentPostprocessing = 0;
			shellPath = /bin/sh;
			shellScript = "\"${PODS_ROOT}/Target Support Files/Pods-R2V/Pods-R2V-frameworks.sh\"\n";
			showEnvVarsInLog = 0;
		};
		800E24972A6A228C8D4807E9 /* [CP] Copy Pods Resources */ = {
			isa = PBXShellScriptBuildPhase;
			buildActionMask = 2147483647;
			files = (
			);
			inputPaths = (
				"${PODS_ROOT}/Target Support Files/Pods-R2V/Pods-R2V-resources.sh",
				"${PODS_CONFIGURATION_BUILD_DIR}/EXApplication/ExpoApplication_privacy.bundle",
				"${PODS_CONFIGURATION_BUILD_DIR}/EXConstants/EXConstants.bundle",
				"${PODS_CONFIGURATION_BUILD_DIR}/EXConstants/ExpoConstants_privacy.bundle",
				"${PODS_CONFIGURATION_BUILD_DIR}/EXUpdates/EXUpdates.bundle",
				"${PODS_CONFIGURATION_BUILD_DIR}/ExpoDevice/ExpoDevice_privacy.bundle",
				"${PODS_CONFIGURATION_BUILD_DIR}/ExpoFileSystem/ExpoFileSystem_privacy.bundle",
				"${PODS_CONFIGURATION_BUILD_DIR}/ExpoSystemUI/ExpoSystemUI_privacy.bundle",
				"${PODS_CONFIGURATION_BUILD_DIR}/ReachabilitySwift/ReachabilitySwift.bundle",
				"${PODS_CONFIGURATION_BUILD_DIR}/React-Core/RCTI18nStrings.bundle",
				"${PODS_CONFIGURATION_BUILD_DIR}/SDWebImage/SDWebImage.bundle",
				"${PODS_CONFIGURATION_BUILD_DIR}/Sentry/Sentry.bundle",
				"${PODS_CONFIGURATION_BUILD_DIR}/lottie-ios/LottiePrivacyInfo.bundle",
				"${PODS_CONFIGURATION_BUILD_DIR}/lottie-react-native/Lottie_React_Native_Privacy.bundle",
			);
			name = "[CP] Copy Pods Resources";
			outputPaths = (
				"${TARGET_BUILD_DIR}/${UNLOCALIZED_RESOURCES_FOLDER_PATH}/ExpoApplication_privacy.bundle",
				"${TARGET_BUILD_DIR}/${UNLOCALIZED_RESOURCES_FOLDER_PATH}/EXConstants.bundle",
				"${TARGET_BUILD_DIR}/${UNLOCALIZED_RESOURCES_FOLDER_PATH}/ExpoConstants_privacy.bundle",
				"${TARGET_BUILD_DIR}/${UNLOCALIZED_RESOURCES_FOLDER_PATH}/EXUpdates.bundle",
				"${TARGET_BUILD_DIR}/${UNLOCALIZED_RESOURCES_FOLDER_PATH}/ExpoDevice_privacy.bundle",
				"${TARGET_BUILD_DIR}/${UNLOCALIZED_RESOURCES_FOLDER_PATH}/ExpoFileSystem_privacy.bundle",
				"${TARGET_BUILD_DIR}/${UNLOCALIZED_RESOURCES_FOLDER_PATH}/ExpoSystemUI_privacy.bundle",
				"${TARGET_BUILD_DIR}/${UNLOCALIZED_RESOURCES_FOLDER_PATH}/ReachabilitySwift.bundle",
				"${TARGET_BUILD_DIR}/${UNLOCALIZED_RESOURCES_FOLDER_PATH}/RCTI18nStrings.bundle",
				"${TARGET_BUILD_DIR}/${UNLOCALIZED_RESOURCES_FOLDER_PATH}/SDWebImage.bundle",
				"${TARGET_BUILD_DIR}/${UNLOCALIZED_RESOURCES_FOLDER_PATH}/Sentry.bundle",
				"${TARGET_BUILD_DIR}/${UNLOCALIZED_RESOURCES_FOLDER_PATH}/LottiePrivacyInfo.bundle",
				"${TARGET_BUILD_DIR}/${UNLOCALIZED_RESOURCES_FOLDER_PATH}/Lottie_React_Native_Privacy.bundle",
			);
			runOnlyForDeploymentPostprocessing = 0;
			shellPath = /bin/sh;
			shellScript = "\"${PODS_ROOT}/Target Support Files/Pods-R2V/Pods-R2V-resources.sh\"\n";
			showEnvVarsInLog = 0;
		};
/* End PBXShellScriptBuildPhase section */

/* Begin PBXSourcesBuildPhase section */
		13B07F871A680F5B00A75B9A /* Sources */ = {
			isa = PBXSourcesBuildPhase;
			buildActionMask = 2147483647;
			files = (
				13B07FBC1A68108700A75B9A /* AppDelegate.mm in Sources */,
				13B07FC11A68108700A75B9A /* main.m in Sources */,
				B18059E884C0ABDD17F3DC3D /* ExpoModulesProvider.swift in Sources */,
				679A7D9CC7A743F58C4F00A6 /* noop-file.swift in Sources */,
			);
			runOnlyForDeploymentPostprocessing = 0;
		};
/* End PBXSourcesBuildPhase section */

/* Begin XCBuildConfiguration section */
		13B07F941A680F5B00A75B9A /* Debug */ = {
			isa = XCBuildConfiguration;
			baseConfigurationReference = 6C2E3173556A471DD304B334 /* Pods-R2V.debug.xcconfig */;
			buildSettings = {
				ASSETCATALOG_COMPILER_APPICON_NAME = AppIcon;
				CLANG_ENABLE_MODULES = YES;
				CODE_SIGN_ENTITLEMENTS = R2V/R2V.entitlements;
				CURRENT_PROJECT_VERSION = 1;
				ENABLE_BITCODE = NO;
				GCC_PREPROCESSOR_DEFINITIONS = (
					"$(inherited)",
					"FB_SONARKIT_ENABLED=1",
				);
				INFOPLIST_FILE = R2V/Info.plist;
				IPHONEOS_DEPLOYMENT_TARGET = 13.4;
				LD_RUNPATH_SEARCH_PATHS = "$(inherited) @executable_path/Frameworks";
				MARKETING_VERSION = 1.0;
				OTHER_LDFLAGS = (
					"$(inherited)",
					"-ObjC",
					"-lc++",
				);
				OTHER_SWIFT_FLAGS = "$(inherited) -D EXPO_CONFIGURATION_DEBUG";
				PRODUCT_BUNDLE_IDENTIFIER = com.kucial.v2ex;
				PRODUCT_NAME = R2V;
				SWIFT_OBJC_BRIDGING_HEADER = "R2V/R2V-Bridging-Header.h";
				SWIFT_OPTIMIZATION_LEVEL = "-Onone";
				SWIFT_VERSION = 5.0;
				TARGETED_DEVICE_FAMILY = "1,2";
				VERSIONING_SYSTEM = "apple-generic";
			};
			name = Debug;
		};
		13B07F951A680F5B00A75B9A /* Release */ = {
			isa = XCBuildConfiguration;
			baseConfigurationReference = 7A4D352CD337FB3A3BF06240 /* Pods-R2V.release.xcconfig */;
			buildSettings = {
				ASSETCATALOG_COMPILER_APPICON_NAME = AppIcon;
				CLANG_ENABLE_MODULES = YES;
				CODE_SIGN_ENTITLEMENTS = R2V/R2V.entitlements;
				CURRENT_PROJECT_VERSION = 1;
				INFOPLIST_FILE = R2V/Info.plist;
				IPHONEOS_DEPLOYMENT_TARGET = 13.4;
				LD_RUNPATH_SEARCH_PATHS = "$(inherited) @executable_path/Frameworks";
				MARKETING_VERSION = 1.0;
				OTHER_LDFLAGS = (
					"$(inherited)",
					"-ObjC",
					"-lc++",
				);
				OTHER_SWIFT_FLAGS = "$(inherited) -D EXPO_CONFIGURATION_RELEASE";
				PRODUCT_BUNDLE_IDENTIFIER = com.kucial.v2ex;
				PRODUCT_NAME = R2V;
				SWIFT_OBJC_BRIDGING_HEADER = "R2V/R2V-Bridging-Header.h";
				SWIFT_VERSION = 5.0;
				TARGETED_DEVICE_FAMILY = "1,2";
				VERSIONING_SYSTEM = "apple-generic";
			};
			name = Release;
		};
		83CBBA201A601CBA00E9B192 /* Debug */ = {
			isa = XCBuildConfiguration;
			buildSettings = {
				ALWAYS_SEARCH_USER_PATHS = NO;
				CC = "";
				CLANG_ANALYZER_LOCALIZABILITY_NONLOCALIZED = YES;
				CLANG_CXX_LANGUAGE_STANDARD = "c++20";
				CLANG_CXX_LIBRARY = "libc++";
				CLANG_ENABLE_MODULES = YES;
				CLANG_ENABLE_OBJC_ARC = YES;
				CLANG_WARN_BLOCK_CAPTURE_AUTORELEASING = YES;
				CLANG_WARN_BOOL_CONVERSION = YES;
				CLANG_WARN_COMMA = YES;
				CLANG_WARN_CONSTANT_CONVERSION = YES;
				CLANG_WARN_DEPRECATED_OBJC_IMPLEMENTATIONS = YES;
				CLANG_WARN_DIRECT_OBJC_ISA_USAGE = YES_ERROR;
				CLANG_WARN_EMPTY_BODY = YES;
				CLANG_WARN_ENUM_CONVERSION = YES;
				CLANG_WARN_INFINITE_RECURSION = YES;
				CLANG_WARN_INT_CONVERSION = YES;
				CLANG_WARN_NON_LITERAL_NULL_CONVERSION = YES;
				CLANG_WARN_OBJC_IMPLICIT_RETAIN_SELF = YES;
				CLANG_WARN_OBJC_LITERAL_CONVERSION = YES;
				CLANG_WARN_OBJC_ROOT_CLASS = YES_ERROR;
				CLANG_WARN_RANGE_LOOP_ANALYSIS = YES;
				CLANG_WARN_STRICT_PROTOTYPES = YES;
				CLANG_WARN_SUSPICIOUS_MOVE = YES;
				CLANG_WARN_UNREACHABLE_CODE = YES;
				CLANG_WARN__DUPLICATE_METHOD_MATCH = YES;
				"CODE_SIGN_IDENTITY[sdk=iphoneos*]" = "iPhone Developer";
				COPY_PHASE_STRIP = NO;
				CXX = "";
				ENABLE_STRICT_OBJC_MSGSEND = YES;
				ENABLE_TESTABILITY = YES;
				GCC_C_LANGUAGE_STANDARD = gnu99;
				GCC_DYNAMIC_NO_PIC = NO;
				GCC_NO_COMMON_BLOCKS = YES;
				GCC_OPTIMIZATION_LEVEL = 0;
				GCC_PREPROCESSOR_DEFINITIONS = (
					"DEBUG=1",
					"$(inherited)",
				);
				GCC_SYMBOLS_PRIVATE_EXTERN = NO;
				GCC_WARN_64_TO_32_BIT_CONVERSION = YES;
				GCC_WARN_ABOUT_RETURN_TYPE = YES_ERROR;
				GCC_WARN_UNDECLARED_SELECTOR = YES;
				GCC_WARN_UNINITIALIZED_AUTOS = YES_AGGRESSIVE;
				GCC_WARN_UNUSED_FUNCTION = YES;
				GCC_WARN_UNUSED_VARIABLE = YES;
				IPHONEOS_DEPLOYMENT_TARGET = 13.4;
				LD = "";
				LDPLUSPLUS = "";
				LD_RUNPATH_SEARCH_PATHS = "/usr/lib/swift $(inherited)";
				LIBRARY_SEARCH_PATHS = "$(SDKROOT)/usr/lib/swift\"$(inherited)\"";
				MTL_ENABLE_DEBUG_INFO = YES;
				ONLY_ACTIVE_ARCH = YES;
				OTHER_LDFLAGS = (
					"$(inherited)",
					" ",
				);
				REACT_NATIVE_PATH = "${PODS_ROOT}/../../node_modules/react-native";
				SDKROOT = iphoneos;
				USE_HERMES = true;
			};
			name = Debug;
		};
		83CBBA211A601CBA00E9B192 /* Release */ = {
			isa = XCBuildConfiguration;
			buildSettings = {
				ALWAYS_SEARCH_USER_PATHS = NO;
				CC = "";
				CLANG_ANALYZER_LOCALIZABILITY_NONLOCALIZED = YES;
				CLANG_CXX_LANGUAGE_STANDARD = "c++20";
				CLANG_CXX_LIBRARY = "libc++";
				CLANG_ENABLE_MODULES = YES;
				CLANG_ENABLE_OBJC_ARC = YES;
				CLANG_WARN_BLOCK_CAPTURE_AUTORELEASING = YES;
				CLANG_WARN_BOOL_CONVERSION = YES;
				CLANG_WARN_COMMA = YES;
				CLANG_WARN_CONSTANT_CONVERSION = YES;
				CLANG_WARN_DEPRECATED_OBJC_IMPLEMENTATIONS = YES;
				CLANG_WARN_DIRECT_OBJC_ISA_USAGE = YES_ERROR;
				CLANG_WARN_EMPTY_BODY = YES;
				CLANG_WARN_ENUM_CONVERSION = YES;
				CLANG_WARN_INFINITE_RECURSION = YES;
				CLANG_WARN_INT_CONVERSION = YES;
				CLANG_WARN_NON_LITERAL_NULL_CONVERSION = YES;
				CLANG_WARN_OBJC_IMPLICIT_RETAIN_SELF = YES;
				CLANG_WARN_OBJC_LITERAL_CONVERSION = YES;
				CLANG_WARN_OBJC_ROOT_CLASS = YES_ERROR;
				CLANG_WARN_RANGE_LOOP_ANALYSIS = YES;
				CLANG_WARN_STRICT_PROTOTYPES = YES;
				CLANG_WARN_SUSPICIOUS_MOVE = YES;
				CLANG_WARN_UNREACHABLE_CODE = YES;
				CLANG_WARN__DUPLICATE_METHOD_MATCH = YES;
				"CODE_SIGN_IDENTITY[sdk=iphoneos*]" = "iPhone Developer";
				COPY_PHASE_STRIP = YES;
				CXX = "";
				ENABLE_NS_ASSERTIONS = NO;
				ENABLE_STRICT_OBJC_MSGSEND = YES;
				GCC_C_LANGUAGE_STANDARD = gnu99;
				GCC_NO_COMMON_BLOCKS = YES;
				GCC_WARN_64_TO_32_BIT_CONVERSION = YES;
				GCC_WARN_ABOUT_RETURN_TYPE = YES_ERROR;
				GCC_WARN_UNDECLARED_SELECTOR = YES;
				GCC_WARN_UNINITIALIZED_AUTOS = YES_AGGRESSIVE;
				GCC_WARN_UNUSED_FUNCTION = YES;
				GCC_WARN_UNUSED_VARIABLE = YES;
				IPHONEOS_DEPLOYMENT_TARGET = 13.4;
				LD = "";
				LDPLUSPLUS = "";
				LD_RUNPATH_SEARCH_PATHS = "/usr/lib/swift $(inherited)";
				LIBRARY_SEARCH_PATHS = "$(SDKROOT)/usr/lib/swift\"$(inherited)\"";
				MTL_ENABLE_DEBUG_INFO = NO;
				OTHER_LDFLAGS = (
					"$(inherited)",
					" ",
				);
				REACT_NATIVE_PATH = "${PODS_ROOT}/../../node_modules/react-native";
				SDKROOT = iphoneos;
				USE_HERMES = true;
				VALIDATE_PRODUCT = YES;
			};
			name = Release;
		};
/* End XCBuildConfiguration section */

/* Begin XCConfigurationList section */
		13B07F931A680F5B00A75B9A /* Build configuration list for PBXNativeTarget "R2V" */ = {
			isa = XCConfigurationList;
			buildConfigurations = (
				13B07F941A680F5B00A75B9A /* Debug */,
				13B07F951A680F5B00A75B9A /* Release */,
			);
			defaultConfigurationIsVisible = 0;
			defaultConfigurationName = Release;
		};
		83CBB9FA1A601CBA00E9B192 /* Build configuration list for PBXProject "R2V" */ = {
			isa = XCConfigurationList;
			buildConfigurations = (
				83CBBA201A601CBA00E9B192 /* Debug */,
				83CBBA211A601CBA00E9B192 /* Release */,
			);
			defaultConfigurationIsVisible = 0;
			defaultConfigurationName = Release;
		};
/* End XCConfigurationList section */
	};
	rootObject = 83CBB9F71A601CBA00E9B192 /* Project object */;
}
